{"SurveyEntry":{"SurveyID":"SV_3gZoG1V8heIvNPw","SurveyName":"Digital Twins Affective Priming","SurveyDescription":null,"SurveyOwnerID":"UR_6rInpBNf7T8ZOLz","SurveyBrandID":"columbia","DivisionID":null,"SurveyLanguage":"EN","SurveyActiveResponseSet":"RS_a5mO29nO5AEWmrQ","SurveyStatus":"Inactive","SurveyStartDate":"0000-00-00 00:00:00","SurveyExpirationDate":"0000-00-00 00:00:00","SurveyCreationDate":"2025-04-24 12:52:38","CreatorID":"UR_6rInpBNf7T8ZOLz","LastModified":"2025-06-06 07:05:28","LastAccessed":"0000-00-00 00:00:00","LastActivated":"2025-04-24 12:53:57","Deleted":null},"SurveyElements":[{"SurveyID":"SV_3gZoG1V8heIvNPw","Element":"BL","PrimaryAttribute":"Survey Blocks","SecondaryAttribute":null,"TertiaryAttribute":null,"Payload":{"1":{"Type":"Trash","Description":"Trash \/ Unused Questions","ID":"BL_6JVJnRUz0ZLQiVM","BlockElements":[{"Type":"Question","QuestionID":"QID41"},{"Type":"Question","QuestionID":"QID42"},{"Type":"Question","QuestionID":"QID28"},{"Type":"Question","QuestionID":"QID29"},{"Type":"Question","QuestionID":"QID30"},{"Type":"Question","QuestionID":"QID25"},{"Type":"Question","QuestionID":"QID26"},{"Type":"Question","QuestionID":"QID27"},{"Type":"Question","QuestionID":"QID21"},{"Type":"Question","QuestionID":"QID22"},{"Type":"Question","QuestionID":"QID24"},{"Type":"Question","QuestionID":"QID17"},{"Type":"Question","QuestionID":"QID18"},{"Type":"Question","QuestionID":"QID19"},{"Type":"Question","QuestionID":"QID20"},{"Type":"Question","QuestionID":"QID11"},{"Type":"Question","QuestionID":"QID12"},{"Type":"Question","QuestionID":"QID13"},{"Type":"Question","QuestionID":"QID15"},{"Type":"Question","QuestionID":"QID8"},{"Type":"Question","QuestionID":"QID9"},{"Type":"Question","QuestionID":"QID10"},{"Type":"Question","QuestionID":"QID16"},{"Type":"Question","QuestionID":"QID48"},{"Type":"Question","QuestionID":"QID44"},{"Type":"Question","QuestionID":"QID2"},{"Type":"Question","QuestionID":"QID4"},{"Type":"Question","QuestionID":"QID3"},{"Type":"Question","QuestionID":"QID6"},{"Type":"Question","QuestionID":"QID14"},{"Type":"Question","QuestionID":"QID5"},{"Type":"Question","QuestionID":"QID7"},{"Type":"Question","QuestionID":"QID1"},{"Type":"Question","QuestionID":"QID23"},{"Type":"Question","QuestionID":"QID34"},{"Type":"Question","QuestionID":"QID40"},{"Type":"Question","QuestionID":"QID33"},{"Type":"Question","QuestionID":"QID35"},{"Type":"Question","QuestionID":"QID53"},{"Type":"Question","QuestionID":"QID54"},{"Type":"Question","QuestionID":"QID52"},{"Type":"Question","QuestionID":"QID55"},{"Type":"Question","QuestionID":"QID37"},{"Type":"Question","QuestionID":"QID50"},{"Type":"Question","QuestionID":"QID51"}]},"9":{"Type":"Standard","SubType":"","Description":"Control Priming","ID":"BL_8eJj8bHioNFjK7Q","BlockElements":[{"Type":"Question","QuestionID":"QID31"},{"Type":"Question","QuestionID":"QID32"},{"Type":"Question","QuestionID":"QID36"},{"Type":"Question","QuestionID":"QID61"}],"Options":{"BlockLocking":"false","RandomizeQuestions":"false","BlockVisibility":"Expanded"}},"10":{"Type":"Standard","SubType":"","Description":"manipulation check personal control","ID":"BL_89e8041OxgCth66","BlockElements":[{"Type":"Question","QuestionID":"QID60"}],"Options":{"BlockLocking":"false","RandomizeQuestions":"false","BlockVisibility":"Expanded"}},"11":{"Type":"Standard","SubType":"","Description":"DV2 Predictability","ID":"BL_7TDYMrbCVBndy5g","BlockElements":[{"Type":"Question","QuestionID":"QID38"},{"Type":"Question","QuestionID":"QID39"}],"Options":{"BlockLocking":"false","RandomizeQuestions":"false","BlockVisibility":"Expanded"}},"13":{"Type":"Standard","SubType":"","Description":"Gratitude Manip Check","ID":"BL_cw18LYddxvkLlPw","BlockElements":[{"Type":"Question","QuestionID":"QID43"}],"Options":{"BlockLocking":"false","RandomizeQuestions":"false","BlockVisibility":"Expanded"}},"14":{"Type":"Standard","SubType":"","Description":"DV2 Empathic concern","ID":"BL_bBjBzOrVwBhfoLY","BlockElements":[{"Type":"Question","QuestionID":"QID45"}],"Options":{"BlockLocking":"false","RandomizeQuestions":"false","BlockVisibility":"Expanded"}},"15":{"Type":"Standard","SubType":"","Description":"Gratitude Priming","ID":"BL_3xh5s1mR59zn79k","BlockElements":[{"Type":"Question","QuestionID":"QID46"},{"Type":"Question","QuestionID":"QID47"},{"Type":"Question","QuestionID":"QID58"},{"Type":"Question","QuestionID":"QID59"}],"Options":{"BlockLocking":"false","RandomizeQuestions":"false","BlockVisibility":"Expanded"}},"17":{"Type":"Standard","SubType":"","Description":"DV1 Elevation","ID":"BL_aWwi2BiO4njIAoC","BlockElements":[{"Type":"Question","QuestionID":"QID49"}],"Options":{"BlockLocking":"false","RandomizeQuestions":"false","BlockVisibility":"Expanded"}},"19":{"Type":"Standard","SubType":"","Description":"DV1 fatigue","ID":"BL_7OIoj3V7oESsTaK","BlockElements":[{"Type":"Question","QuestionID":"QID56"}],"Options":{"BlockLocking":"false","RandomizeQuestions":"false","BlockVisibility":"Expanded"}},"20":{"Type":"Standard","SubType":"","Description":"Screener","ID":"BL_0ohzgX3NDZyo4uy","BlockElements":[{"Type":"Question","QuestionID":"QID57"}],"Options":{"BlockLocking":"false","RandomizeQuestions":"false","BlockVisibility":"Expanded"}},"21":{"Type":"Standard","SubType":"","Description":"Block 9","ID":"BL_abK7SEPwRMG8YsK","BlockElements":[{"Type":"Question","QuestionID":"QID62"}]}}},{"SurveyID":"SV_3gZoG1V8heIvNPw","Element":"FL","PrimaryAttribute":"Survey Flow","SecondaryAttribute":null,"TertiaryAttribute":null,"Payload":{"Type":"Root","FlowID":"FL_1","Flow":[{"Type":"EmbeddedData","FlowID":"FL_58","EmbeddedData":[{"Description":"PROLIFIC_PID","Type":"Recipient","Field":"PROLIFIC_PID","VariableType":"String","DataVisibility":[],"AnalyzeText":false}]},{"Type":"EmbeddedData","FlowID":"FL_59","EmbeddedData":[{"Description":"STUDY_ID","Type":"Recipient","Field":"STUDY_ID","VariableType":"String","DataVisibility":[],"AnalyzeText":false}]},{"Type":"EmbeddedData","FlowID":"FL_60","EmbeddedData":[{"Description":"SESSION_ID","Type":"Recipient","Field":"SESSION_ID","VariableType":"String","DataVisibility":[],"AnalyzeText":false}]},{"Type":"Standard","ID":"BL_abK7SEPwRMG8YsK","FlowID":"FL_62","Autofill":[]},{"Type":"Branch","FlowID":"FL_63","Description":"New Branch","BranchLogic":{"0":{"0":{"LogicType":"Question","QuestionID":"QID62","QuestionIsInLoop":"no","ChoiceLocator":"q:\/\/QID62\/SelectableChoice\/5","Operator":"Selected","QuestionIDFromLocator":"QID62","LeftOperand":"q:\/\/QID62\/SelectableChoice\/5","Type":"Expression","Description":"<span class=\"ConjDesc\">If<\/span> <span class=\"QuestionDesc\">ONLINE CONSENT TO PARTICIPATE In this study, we will ask you to respond to a open-ended question. You must be over 18 years of age to participate. The following information is important for your in...<\/span> <span class=\"LeftOpDesc\">I do not agree<\/span> <span class=\"OpDesc\">Is Selected<\/span> "},"Type":"If"},"Type":"BooleanExpression"},"Flow":[{"Type":"EndSurvey","FlowID":"FL_64","EndingType":"Advanced","Options":{"Advanced":"true","SurveyTermination":"Redirect","EOSRedirectURL":"https:\/\/app.prolific.com\/submissions\/complete?cc=C31RKK5Q"}}]},{"Type":"Standard","ID":"BL_0ohzgX3NDZyo4uy","FlowID":"FL_38","Autofill":[]},{"Type":"Branch","FlowID":"FL_39","Description":"New Branch","BranchLogic":{"0":{"0":{"LogicType":"Question","QuestionID":"QID57","QuestionIsInLoop":"no","ChoiceLocator":"q:\/\/QID57\/ChoiceTextEntryValue","Operator":"DoesNotContain","QuestionIDFromLocator":"QID57","LeftOperand":"q:\/\/QID57\/ChoiceTextEntryValue","RightOperand":"use","IgnoreCase":1,"Type":"Expression","Description":"<span class=\"ConjDesc\">If<\/span> <span class=\"QuestionDesc\">This is an anonymous survey consisting of multiple questions. Several questions are open-ended where you need to type a few sentences. Some Prolific workers do not like answering open-ended questio...<\/span> <span class=\"LeftOpDesc\">Text Response<\/span> <span class=\"OpDesc\">Does Not Contain<\/span> <span class=\"RightOpDesc\"> use <\/span>"},"Type":"If"},"Type":"BooleanExpression"},"Flow":[{"Type":"EndSurvey","FlowID":"FL_40","EndingType":"Advanced","Options":{"Advanced":"true","SurveyTermination":"Redirect","EOSRedirectURL":"https:\/\/app.prolific.com\/submissions\/complete?cc=C31RKK5Q"}}]},{"Type":"BlockRandomizer","FlowID":"FL_6","SubSet":1,"EvenPresentation":true,"Flow":[{"Type":"Group","FlowID":"FL_56","Description":"Untitled Group","Flow":[{"Type":"EmbeddedData","FlowID":"FL_8","EmbeddedData":[{"Description":"emotion","Type":"Custom","Field":"emotion","VariableType":"String","DataVisibility":[],"AnalyzeText":false,"Value":"in_control"}]},{"Type":"EmbeddedData","FlowID":"FL_45","EmbeddedData":[{"Description":"cond","Type":"Custom","Field":"cond","VariableType":"String","DataVisibility":[],"AnalyzeText":false,"Value":"prime"}]}]},{"Type":"Group","FlowID":"FL_52","Description":"Untitled Group","Flow":[{"Type":"EmbeddedData","FlowID":"FL_49","EmbeddedData":[{"Description":"emotion","Type":"Custom","Field":"emotion","VariableType":"String","DataVisibility":[],"AnalyzeText":false,"Value":"in_control"}]},{"Type":"EmbeddedData","FlowID":"FL_50","EmbeddedData":[{"Description":"cond","Type":"Custom","Field":"cond","VariableType":"String","DataVisibility":[],"AnalyzeText":false,"Value":"control"}]}]},{"Type":"Group","FlowID":"FL_53","Description":"Untitled Group","Flow":[{"Type":"EmbeddedData","FlowID":"FL_54","EmbeddedData":[{"Description":"emotion","Type":"Custom","Field":"emotion","VariableType":"String","DataVisibility":[],"AnalyzeText":false,"Value":"gratitude"}]},{"Type":"EmbeddedData","FlowID":"FL_55","EmbeddedData":[{"Description":"cond","Type":"Custom","Field":"cond","VariableType":"String","DataVisibility":[],"AnalyzeText":false,"Value":"prime"}]}]},{"Type":"Group","FlowID":"FL_57","Description":"Untitled Group","Flow":[{"Type":"EmbeddedData","FlowID":"FL_7","EmbeddedData":[{"Description":"emotion","Type":"Custom","Field":"emotion","VariableType":"String","DataVisibility":[],"AnalyzeText":false,"Value":"gratitude"}]},{"Type":"EmbeddedData","FlowID":"FL_44","EmbeddedData":[{"Description":"cond","Type":"Custom","Field":"cond","VariableType":"String","DataVisibility":[],"AnalyzeText":false,"Value":"control"}]}]}]},{"Type":"Branch","FlowID":"FL_36","Description":"New Branch","BranchLogic":{"0":{"0":{"LogicType":"EmbeddedField","LeftOperand":"emotion","Operator":"EqualTo","RightOperand":"gratitude","_HiddenExpression":false,"Type":"Expression","Description":"<span class=\"ConjDesc\">If<\/span> <span class=\"LeftOpDesc\">emotion<\/span> <span class=\"OpDesc\">Is Equal to<\/span> <span class=\"RightOpDesc\"> gratitude <\/span>"},"Type":"If"},"Type":"BooleanExpression"},"Flow":[{"Type":"Standard","ID":"BL_3xh5s1mR59zn79k","FlowID":"FL_31","Autofill":[]},{"Type":"Standard","ID":"BL_cw18LYddxvkLlPw","FlowID":"FL_28","Autofill":[]},{"Type":"BlockRandomizer","FlowID":"FL_37","SubSet":2,"Flow":[{"Type":"Standard","ID":"BL_aWwi2BiO4njIAoC","FlowID":"FL_33","Autofill":[]},{"Type":"Standard","ID":"BL_bBjBzOrVwBhfoLY","FlowID":"FL_30","Autofill":[]}]}]},{"Type":"Branch","FlowID":"FL_41","Description":"New Branch","BranchLogic":{"0":{"0":{"LogicType":"EmbeddedField","LeftOperand":"emotion","Operator":"EqualTo","RightOperand":"in_control","_HiddenExpression":false,"Type":"Expression","Description":"<span class=\"ConjDesc\">If<\/span> <span class=\"LeftOpDesc\">emotion<\/span> <span class=\"OpDesc\">Is Equal to<\/span> <span class=\"RightOpDesc\"> in_control <\/span>"},"Type":"If"},"Type":"BooleanExpression"},"Flow":[{"Type":"Standard","ID":"BL_8eJj8bHioNFjK7Q","FlowID":"FL_24","Autofill":[]},{"Type":"Standard","ID":"BL_89e8041OxgCth66","FlowID":"FL_25","Autofill":[]},{"Type":"BlockRandomizer","FlowID":"FL_42","SubSet":2,"Flow":[{"Type":"Standard","ID":"BL_7OIoj3V7oESsTaK","FlowID":"FL_35","Autofill":[]},{"Type":"Standard","ID":"BL_7TDYMrbCVBndy5g","FlowID":"FL_26","Autofill":[]}]}]},{"Type":"EndSurvey","FlowID":"FL_61","EndingType":"Advanced","Options":{"Advanced":"true","SurveyTermination":"Redirect","EOSRedirectURL":"https:\/\/app.prolific.com\/submissions\/complete?cc=C10NSMVM"}}],"Properties":{"Count":64}}},{"SurveyID":"SV_3gZoG1V8heIvNPw","Element":"PL","PrimaryAttribute":"Preview Link","SecondaryAttribute":null,"TertiaryAttribute":null,"Payload":{"PreviewType":"Brand","PreviewID":"a0819120-5abf-42db-bb47-f7f414f161aa"}},{"SurveyID":"SV_3gZoG1V8heIvNPw","Element":"PROJ","PrimaryAttribute":"CORE","SecondaryAttribute":null,"TertiaryAttribute":"1.1.0","Payload":{"ProjectCategory":"CORE","SchemaVersion":"1.1.0"}},{"SurveyID":"SV_3gZoG1V8heIvNPw","Element":"QC","PrimaryAttribute":"Survey Question Count","SecondaryAttribute":"62","TertiaryAttribute":null,"Payload":null},{"SurveyID":"SV_3gZoG1V8heIvNPw","Element":"RS","PrimaryAttribute":"RS_a5mO29nO5AEWmrQ","SecondaryAttribute":null,"TertiaryAttribute":null,"Payload":null},{"SurveyID":"SV_3gZoG1V8heIvNPw","Element":"SCO","PrimaryAttribute":"Scoring","SecondaryAttribute":null,"TertiaryAttribute":null,"Payload":{"ScoringCategories":[],"ScoringCategoryGroups":[],"ScoringSummaryCategory":null,"ScoringSummaryAfterQuestions":0,"ScoringSummaryAfterSurvey":0,"DefaultScoringCategory":null,"AutoScoringCategory":null}},{"SurveyID":"SV_3gZoG1V8heIvNPw","Element":"SO","PrimaryAttribute":"Survey Options","SecondaryAttribute":null,"TertiaryAttribute":null,"Payload":{"BackButton":"false","SaveAndContinue":"true","SurveyProtection":"PublicSurvey","BallotBoxStuffingPrevention":"false","NoIndex":"Yes","SecureResponseFiles":"true","SurveyExpiration":"None","SurveyTermination":"Redirect","Header":"","Footer":"","ProgressBarDisplay":"None","PartialData":"+1 week","ValidationMessage":null,"PreviousButton":"","NextButton":"","SurveyTitle":"Qualtrics Survey | Qualtrics Experience Management","SkinLibrary":"columbia","SkinType":"component","Skin":{"brandingId":"3130411715","templateId":"*simple","overrides":{"logo":{"url":""},"questionsContainer":{"on":true}}},"NewScoring":1,"SurveyMetaDescription":"The most powerful, simple and trusted way to gather experience data. Start your journey to experience management and try a free account today.","EOSMessage":null,"ShowExportTags":"false","CollectGeoLocation":"false","PasswordProtection":"No","AnonymizeResponse":"No","RefererCheck":"No","BallotBoxStuffingPreventionBehavior":null,"BallotBoxStuffingPreventionMessage":null,"BallotBoxStuffingPreventionMessageLibrary":null,"BallotBoxStuffingPreventionURL":null,"RecaptchaV3":"false","ConfirmStart":false,"AutoConfirmStart":false,"RelevantID":"false","RelevantIDLockoutPeriod":"+30 days","UseCustomSurveyLinkCompletedMessage":null,"SurveyLinkCompletedMessage":null,"SurveyLinkCompletedMessageLibrary":null,"ResponseSummary":"No","EOSMessageLibrary":null,"EOSRedirectURL":"https:\/\/app.prolific.com\/submissions\/complete?cc=C10NSMVM","EmailThankYou":"false","ThankYouEmailMessageLibrary":null,"ThankYouEmailMessage":null,"ValidateMessage":"false","ValidationMessageLibrary":null,"InactiveSurvey":null,"PartialDeletion":null,"PartialDataCloseAfter":"LastActivity","InactiveMessageLibrary":null,"InactiveMessage":null,"AvailableLanguages":{"EN":[]},"ProtectSelectionIds":true,"SurveyName":"Digital Twins Affective Priming"}},{"SurveyID":"SV_3gZoG1V8heIvNPw","Element":"SQ","PrimaryAttribute":"QID1","SecondaryAttribute":"Today we would like you to reflect on your own beliefs on a universal basic income in the United...","TertiaryAttribute":null,"Payload":{"QuestionText":"<b>Today we would like you to reflect on your own beliefs on a universal basic income in the United States.<\/b><br><br><b>A universal basic income (UBI) is a fixed amount given by the government to all its citizens regardless of income or work status.<\/b> Typically, it is enough to cover basic expenses such as food and housing. Universal basic income systems are often paid for through carbon taxes, income taxes, removing existing similar programs (such as food stamps), and\/or decreases in military spending","DefaultChoices":false,"DataExportTag":"Q1","QuestionID":"QID1","QuestionType":"DB","Selector":"TB","DataVisibility":{"Private":false,"Hidden":false},"Configuration":{"QuestionDescriptionOption":"UseText"},"QuestionDescription":"Today we would like you to reflect on your own beliefs on a universal basic income in the United...","ChoiceOrder":[],"Validation":{"Settings":{"Type":"None"}},"GradingData":[],"Language":[],"NextChoiceId":4,"NextAnswerId":1}},{"SurveyID":"SV_3gZoG1V8heIvNPw","Element":"SQ","PrimaryAttribute":"QID10","SecondaryAttribute":"How confident are you in your ability to manage conflict on this team?","TertiaryAttribute":null,"Payload":{"QuestionText":"How confident are you in your ability to manage conflict on this team?","DefaultChoices":false,"DataExportTag":"i1_1","QuestionType":"MC","Selector":"SAHR","SubSelector":"TX","DataVisibility":{"Private":false,"Hidden":false},"Configuration":{"QuestionDescriptionOption":"UseText","LabelPosition":"BELOW"},"QuestionDescription":"How confident are you in your ability to manage conflict on this team?","Choices":{"1":{"Display":"Not at all<br \/>\n1"},"2":{"Display":"2"},"3":{"Display":"3"},"4":{"Display":"4"},"5":{"Display":"5"},"6":{"Display":"6"},"7":{"Display":"Very much<br \/>\n7"}},"ChoiceOrder":[1,2,3,4,5,6,7],"Validation":{"Settings":{"ForceResponse":"ON","ForceResponseType":"ON","Type":"None"}},"GradingData":[],"Language":[],"NextChoiceId":8,"NextAnswerId":1,"QuestionID":"QID10"}},{"SurveyID":"SV_3gZoG1V8heIvNPw","Element":"SQ","PrimaryAttribute":"QID11","SecondaryAttribute":"Imagine you\u2019re given a difficult puzzle to solve under time pressure, and others are watching you.","TertiaryAttribute":null,"Payload":{"QuestionText":"Imagine you\u2019re given a difficult puzzle to solve under time pressure, and others are watching you attempt it.","DefaultChoices":false,"QuestionType":"DB","Selector":"TB","DataVisibility":{"Private":false,"Hidden":false},"Configuration":{"QuestionDescriptionOption":"UseText"},"QuestionDescription":"Imagine you\u2019re given a difficult puzzle to solve under time pressure, and others are watching you...","ChoiceOrder":[],"Validation":{"Settings":{"Type":"None"}},"GradingData":[],"Language":[],"NextChoiceId":4,"NextAnswerId":1,"QuestionText_Unsafe":"Imagine you\u2019re working on a team project with a tight deadline. One of your teammates hasn\u2019t delivered their part on time.","DataExportTag":"Q11","QuestionID":"QID11"}},{"SurveyID":"SV_3gZoG1V8heIvNPw","Element":"SQ","PrimaryAttribute":"QID12","SecondaryAttribute":"Imagine you\u2019re given a puzzle to solve.","TertiaryAttribute":null,"Payload":{"QuestionText":"Imagine you\u2019re given a puzzle to solve.","DefaultChoices":false,"QuestionType":"DB","Selector":"TB","DataVisibility":{"Private":false,"Hidden":false},"Configuration":{"QuestionDescriptionOption":"UseText"},"QuestionDescription":"Imagine you\u2019re given a puzzle to solve.","ChoiceOrder":[],"Validation":{"Settings":{"Type":"None"}},"GradingData":[],"Language":[],"NextChoiceId":4,"NextAnswerId":1,"QuestionText_Unsafe":"Imagine you\u2019re working on a team project.","DataExportTag":"Q12","QuestionID":"QID12"}},{"SurveyID":"SV_3gZoG1V8heIvNPw","Element":"SQ","PrimaryAttribute":"QID13","SecondaryAttribute":"How anxious do you feel?","TertiaryAttribute":null,"Payload":{"QuestionText":"How anxious do you feel?","DefaultChoices":false,"QuestionType":"MC","Selector":"SAHR","SubSelector":"TX","DataVisibility":{"Private":false,"Hidden":false},"Configuration":{"QuestionDescriptionOption":"UseText","LabelPosition":"BELOW"},"QuestionDescription":"How anxious do you feel?","Choices":{"1":{"Display":"Not at all<br \/>\n1"},"2":{"Display":"2"},"3":{"Display":"3"},"4":{"Display":"4"},"5":{"Display":"5"},"6":{"Display":"6"},"7":{"Display":"Very much<br \/>\n7"}},"ChoiceOrder":[1,2,3,4,5,6,7],"Validation":{"Settings":{"ForceResponse":"ON","ForceResponseType":"ON","Type":"None"}},"GradingData":[],"Language":[],"NextChoiceId":8,"NextAnswerId":1,"QuestionText_Unsafe":"How confident are you in your ability to manage conflict on this team?","DataExportTag":"i2_1","QuestionID":"QID13"}},{"SurveyID":"SV_3gZoG1V8heIvNPw","Element":"SQ","PrimaryAttribute":"QID14","SecondaryAttribute":"One argument ${e:\/\/Field\/side} universal basic income is...","TertiaryAttribute":null,"Payload":{"QuestionText":"One argument \n${e:\/\/Field\/side}\nuniversal basic income is...","DefaultChoices":false,"DataExportTag":"Q14","QuestionID":"QID14","QuestionType":"TE","Selector":"ML","DataVisibility":{"Private":false,"Hidden":false},"Configuration":{"QuestionDescriptionOption":"UseText"},"QuestionDescription":"One argument ${e:\/\/Field\/side} universal basic income is...","Validation":{"Settings":{"ForceResponse":"OFF","Type":"None"}},"GradingData":[],"Language":[],"NextChoiceId":4,"NextAnswerId":1,"SearchSource":{"AllowFreeResponse":"false"}}},{"SurveyID":"SV_3gZoG1V8heIvNPw","Element":"SQ","PrimaryAttribute":"QID15","SecondaryAttribute":"How confident are you in your ability to solve this puzzle?","TertiaryAttribute":null,"Payload":{"QuestionText":"How confident are you in your ability to solve this puzzle?","DefaultChoices":false,"DataExportTag":"i2_2","QuestionType":"MC","Selector":"SAHR","SubSelector":"TX","DataVisibility":{"Private":false,"Hidden":false},"Configuration":{"QuestionDescriptionOption":"UseText","LabelPosition":"BELOW"},"QuestionDescription":"How confident are you in your ability to solve this puzzle?","Choices":{"1":{"Display":"Not at all<br \/>\n1"},"2":{"Display":"2"},"3":{"Display":"3"},"4":{"Display":"4"},"5":{"Display":"5"},"6":{"Display":"6"},"7":{"Display":"Very much<br \/>\n7"}},"ChoiceOrder":[1,2,3,4,5,6,7],"Validation":{"Settings":{"ForceResponse":"ON","ForceResponseType":"ON","Type":"None"}},"GradingData":[],"Language":[],"NextChoiceId":8,"NextAnswerId":1,"QuestionID":"QID15"}},{"SurveyID":"SV_3gZoG1V8heIvNPw","Element":"SQ","PrimaryAttribute":"QID16","SecondaryAttribute":"How much do you trust your team?","TertiaryAttribute":null,"Payload":{"QuestionText":"How much do you trust your team?","DefaultChoices":false,"DataExportTag":"i1_2","QuestionType":"MC","Selector":"SAHR","SubSelector":"TX","DataVisibility":{"Private":false,"Hidden":false},"Configuration":{"QuestionDescriptionOption":"UseText","LabelPosition":"BELOW"},"QuestionDescription":"How much do you trust your team?","Choices":{"1":{"Display":"Not at all<br \/>\n1"},"2":{"Display":"2"},"3":{"Display":"3"},"4":{"Display":"4"},"5":{"Display":"5"},"6":{"Display":"6"},"7":{"Display":"Very much<br \/>\n7"}},"ChoiceOrder":[1,2,3,4,5,6,7],"Validation":{"Settings":{"ForceResponse":"ON","ForceResponseType":"ON","Type":"None"}},"GradingData":[],"Language":[],"NextChoiceId":8,"NextAnswerId":1,"QuestionID":"QID16"}},{"SurveyID":"SV_3gZoG1V8heIvNPw","Element":"SQ","PrimaryAttribute":"QID17","SecondaryAttribute":"Imagine you\u2019re lying in bed, ready to fall asleep, and you feel pain in your foot.","TertiaryAttribute":null,"Payload":{"QuestionText":"Imagine you\u2019re lying in bed, ready to fall asleep, and you feel pain in your foot.","DefaultChoices":false,"QuestionType":"DB","Selector":"TB","DataVisibility":{"Private":false,"Hidden":false},"Configuration":{"QuestionDescriptionOption":"UseText"},"QuestionDescription":"Imagine you\u2019re lying in bed, ready to fall asleep, and you feel pain in your foot.","ChoiceOrder":[],"Validation":{"Settings":{"Type":"None"}},"GradingData":[],"Language":[],"NextChoiceId":4,"NextAnswerId":1,"QuestionText_Unsafe":"Imagine you\u2019re given a difficult puzzle to solve under time pressure, and others are watching you attempt it.","DataExportTag":"Q17","QuestionID":"QID17"}},{"SurveyID":"SV_3gZoG1V8heIvNPw","Element":"SQ","PrimaryAttribute":"QID18","SecondaryAttribute":"Imagine you\u2019re lying in bed, ready to fall asleep.","TertiaryAttribute":null,"Payload":{"QuestionText":"Imagine you\u2019re lying in bed, ready to fall asleep.","DefaultChoices":false,"QuestionType":"DB","Selector":"TB","DataVisibility":{"Private":false,"Hidden":false},"Configuration":{"QuestionDescriptionOption":"UseText"},"QuestionDescription":"Imagine you\u2019re lying in bed, ready to fall asleep.","ChoiceOrder":[],"Validation":{"Settings":{"Type":"None"}},"GradingData":[],"Language":[],"NextChoiceId":4,"NextAnswerId":1,"QuestionText_Unsafe":"Imagine you\u2019re given a puzzle to solve.","DataExportTag":"Q18","QuestionID":"QID18"}},{"SurveyID":"SV_3gZoG1V8heIvNPw","Element":"SQ","PrimaryAttribute":"QID19","SecondaryAttribute":"How certain are you that this is serious?","TertiaryAttribute":null,"Payload":{"QuestionText":"How certain are you that this is serious?","DefaultChoices":false,"QuestionType":"MC","Selector":"SAHR","SubSelector":"TX","DataVisibility":{"Private":false,"Hidden":false},"Configuration":{"QuestionDescriptionOption":"UseText","LabelPosition":"BELOW"},"QuestionDescription":"How certain are you that this is serious?","Choices":{"1":{"Display":"Not at all<br \/>\n1"},"2":{"Display":"2"},"3":{"Display":"3"},"4":{"Display":"4"},"5":{"Display":"5"},"6":{"Display":"6"},"7":{"Display":"Very much<br \/>\n7"}},"ChoiceOrder":[1,2,3,4,5,6,7],"Validation":{"Settings":{"ForceResponse":"ON","ForceResponseType":"ON","Type":"None"}},"GradingData":[],"Language":[],"NextChoiceId":8,"NextAnswerId":1,"QuestionText_Unsafe":"How anxious do you feel?","DataExportTag":"i3_1","QuestionID":"QID19"}},{"SurveyID":"SV_3gZoG1V8heIvNPw","Element":"SQ","PrimaryAttribute":"QID2","SecondaryAttribute":"Today we would like you to reflect on your own beliefs on a universal basic income in the United...","TertiaryAttribute":null,"Payload":{"QuestionText":"<b>Today we would like you to reflect on your own beliefs on a universal basic income in the United States.<\/b><br><br><b>A universal basic income (UBI) is a fixed amount given by the government to all its citizens regardless of income or work status.<\/b> Typically, it is enough to cover basic expenses such as food and housing. Universal basic income systems are often paid for through carbon taxes, income taxes, removing existing similar programs (such as food stamps), and\/or decreases in military spending","DefaultChoices":false,"DataExportTag":"Q2","QuestionID":"QID2","QuestionType":"DB","Selector":"TB","DataVisibility":{"Private":false,"Hidden":false},"Configuration":{"QuestionDescriptionOption":"UseText"},"QuestionDescription":"Today we would like you to reflect on your own beliefs on a universal basic income in the United...","ChoiceOrder":[],"Validation":{"Settings":{"Type":"None"}},"GradingData":[],"Language":[],"NextChoiceId":4,"NextAnswerId":6}},{"SurveyID":"SV_3gZoG1V8heIvNPw","Element":"SQ","PrimaryAttribute":"QID20","SecondaryAttribute":"How likely are you to seek help immediately?","TertiaryAttribute":null,"Payload":{"QuestionText":"How likely are you to seek help immediately?","DefaultChoices":false,"QuestionType":"MC","Selector":"SAHR","SubSelector":"TX","DataVisibility":{"Private":false,"Hidden":false},"Configuration":{"QuestionDescriptionOption":"UseText","LabelPosition":"BELOW"},"QuestionDescription":"How likely are you to seek help immediately?","Choices":{"1":{"Display":"Not at all<br \/>\n1"},"2":{"Display":"2"},"3":{"Display":"3"},"4":{"Display":"4"},"5":{"Display":"5"},"6":{"Display":"6"},"7":{"Display":"Very much<br \/>\n7"}},"ChoiceOrder":[1,2,3,4,5,6,7],"Validation":{"Settings":{"ForceResponse":"ON","ForceResponseType":"ON","Type":"None"}},"GradingData":[],"Language":[],"NextChoiceId":8,"NextAnswerId":1,"QuestionText_Unsafe":"How confident are you in your ability to solve this puzzle?","DataExportTag":"i3_2","QuestionID":"QID20"}},{"SurveyID":"SV_3gZoG1V8heIvNPw","Element":"SQ","PrimaryAttribute":"QID21","SecondaryAttribute":"Imagine you are an echo that occurs before the sound it repeats. You emerge into the world slight...","TertiaryAttribute":null,"Payload":{"QuestionText":"Imagine you are an echo that occurs before the sound it repeats. You emerge into the world slightly ahead of time, announcing something no one has said yet. People are confused when they hear you, unsure what you\u2019re responding to.","DefaultChoices":false,"DataExportTag":"Q21","QuestionType":"DB","Selector":"TB","DataVisibility":{"Private":false,"Hidden":false},"Configuration":{"QuestionDescriptionOption":"UseText"},"QuestionDescription":"Imagine you are an echo that occurs before the sound it repeats. You emerge into the world slight...","ChoiceOrder":[],"Validation":{"Settings":{"Type":"None"}},"GradingData":[],"Language":[],"NextChoiceId":4,"NextAnswerId":1,"QuestionID":"QID21"}},{"SurveyID":"SV_3gZoG1V8heIvNPw","Element":"SQ","PrimaryAttribute":"QID22","SecondaryAttribute":"Imagine you are an echo that occurs during the sound it repeats. You overlap almost perfectly wit...","TertiaryAttribute":null,"Payload":{"QuestionText":"Imagine you are an echo that occurs during the sound it repeats. You overlap almost perfectly with the original noise, tangled in its vibration, indistinguishable yet still somehow separate. People hear you and feel something is slightly off, but they can't say why.","DefaultChoices":false,"DataExportTag":"Q22","QuestionType":"DB","Selector":"TB","DataVisibility":{"Private":false,"Hidden":false},"Configuration":{"QuestionDescriptionOption":"UseText"},"QuestionDescription":"Imagine you are an echo that occurs during the sound it repeats. You overlap almost perfectly wit...","ChoiceOrder":[],"Validation":{"Settings":{"Type":"None"}},"GradingData":[],"Language":[],"NextChoiceId":4,"NextAnswerId":1,"QuestionID":"QID22"}},{"SurveyID":"SV_3gZoG1V8heIvNPw","Element":"SQ","PrimaryAttribute":"QID23","SecondaryAttribute":"Click to write the question text","TertiaryAttribute":null,"Payload":{"QuestionText":"Click to write the question text","DefaultChoices":false,"DataExportTag":"Q23","QuestionType":"MC","Selector":"SAVR","SubSelector":"TX","DataVisibility":{"Private":false,"Hidden":false},"Configuration":{"QuestionDescriptionOption":"UseText"},"QuestionDescription":"Click to write the question text","Choices":{"1":{"Display":"Click to write Choice 1"},"2":{"Display":"Click to write Choice 2"},"3":{"Display":"Click to write Choice 3"}},"ChoiceOrder":["1","2","3"],"Validation":{"Settings":{"ForceResponse":"OFF","Type":"None"}},"GradingData":[],"Language":[],"NextChoiceId":4,"NextAnswerId":1,"QuestionID":"QID23"}},{"SurveyID":"SV_3gZoG1V8heIvNPw","Element":"SQ","PrimaryAttribute":"QID24","SecondaryAttribute":"How content are you with your existence?","TertiaryAttribute":null,"Payload":{"QuestionText":"How content are you with your existence?","DefaultChoices":false,"DataExportTag":"a1_1","QuestionType":"MC","Selector":"SAHR","SubSelector":"TX","DataVisibility":{"Private":false,"Hidden":false},"Configuration":{"QuestionDescriptionOption":"UseText","LabelPosition":"BELOW"},"QuestionDescription":"How content are you with your existence?","Choices":{"1":{"Display":"Not at all<br \/>\n1"},"2":{"Display":"2"},"3":{"Display":"3"},"4":{"Display":"4"},"5":{"Display":"5"},"6":{"Display":"6"},"7":{"Display":"Very content<br \/>\n7"}},"ChoiceOrder":[1,2,3,4,5,6,7],"Validation":{"Settings":{"ForceResponse":"ON","ForceResponseType":"ON","Type":"None"}},"GradingData":[],"Language":[],"NextChoiceId":8,"NextAnswerId":1,"QuestionID":"QID24"}},{"SurveyID":"SV_3gZoG1V8heIvNPw","Element":"SQ","PrimaryAttribute":"QID25","SecondaryAttribute":"Imagine you can hear certain smells.","TertiaryAttribute":null,"Payload":{"QuestionText":"Imagine you can hear certain smells.","DefaultChoices":false,"QuestionType":"DB","Selector":"TB","DataVisibility":{"Private":false,"Hidden":false},"Configuration":{"QuestionDescriptionOption":"UseText"},"QuestionDescription":"Imagine you can hear certain smells.","ChoiceOrder":[],"Validation":{"Settings":{"Type":"None"}},"GradingData":[],"Language":[],"NextChoiceId":4,"NextAnswerId":1,"QuestionText_Unsafe":"Imagine you are an echo that occurs before the sound it repeats. You emerge into the world slightly ahead of time, announcing something no one has said yet. People are confused when they hear you, unsure what you\u2019re responding to.","DataExportTag":"Q25","QuestionID":"QID25"}},{"SurveyID":"SV_3gZoG1V8heIvNPw","Element":"SQ","PrimaryAttribute":"QID26","SecondaryAttribute":"Imagine you can smell certain sounds.","TertiaryAttribute":null,"Payload":{"QuestionText":"Imagine you can smell certain sounds.","DefaultChoices":false,"QuestionType":"DB","Selector":"TB","DataVisibility":{"Private":false,"Hidden":false},"Configuration":{"QuestionDescriptionOption":"UseText"},"QuestionDescription":"Imagine you can smell certain sounds.","ChoiceOrder":[],"Validation":{"Settings":{"Type":"None"}},"GradingData":[],"Language":[],"NextChoiceId":4,"NextAnswerId":1,"QuestionText_Unsafe":"Imagine you are an echo that occurs during the sound it repeats. You overlap almost perfectly with the original noise, tangled in its vibration, indistinguishable yet still somehow separate. People hear you and feel something is slightly off, but they can't say why.","DataExportTag":"Q26","QuestionID":"QID26"}},{"SurveyID":"SV_3gZoG1V8heIvNPw","Element":"SQ","PrimaryAttribute":"QID27","SecondaryAttribute":"How powerful do you feel?","TertiaryAttribute":null,"Payload":{"QuestionText":"How powerful do you feel?","DefaultChoices":false,"QuestionType":"MC","Selector":"SAHR","SubSelector":"TX","DataVisibility":{"Private":false,"Hidden":false},"Configuration":{"QuestionDescriptionOption":"UseText","LabelPosition":"BELOW"},"QuestionDescription":"How powerful do you feel?","Choices":{"1":{"Display":"Not at all<br \/>\n1"},"2":{"Display":"2"},"3":{"Display":"3"},"4":{"Display":"4"},"5":{"Display":"5"},"6":{"Display":"6"},"7":{"Display":"Very powerful<br \/>\n7"}},"ChoiceOrder":[1,2,3,4,5,6,7],"Validation":{"Settings":{"ForceResponse":"ON","ForceResponseType":"ON","Type":"None"}},"GradingData":[],"Language":[],"NextChoiceId":8,"NextAnswerId":1,"QuestionText_Unsafe":"How content are you with your existence?","DataExportTag":"a2_1","QuestionID":"QID27"}},{"SurveyID":"SV_3gZoG1V8heIvNPw","Element":"SQ","PrimaryAttribute":"QID28","SecondaryAttribute":"Imagine you are mirror. You exist in a reality where photons have never been invented. No one has...","TertiaryAttribute":null,"Payload":{"QuestionText":"Imagine you are mirror. You exist in a reality where photons have never been invented. No one has ever seen their reflection in you, yet you hold the capacity for it.","DefaultChoices":false,"QuestionType":"DB","Selector":"TB","DataVisibility":{"Private":false,"Hidden":false},"Configuration":{"QuestionDescriptionOption":"UseText"},"QuestionDescription":"Imagine you are mirror. You exist in a reality where photons have never been invented. No one has...","ChoiceOrder":[],"Validation":{"Settings":{"Type":"None"}},"GradingData":[],"Language":[],"NextChoiceId":4,"NextAnswerId":1,"QuestionText_Unsafe":"Imagine you can hear certain smells.","DataExportTag":"Q28","QuestionID":"QID28"}},{"SurveyID":"SV_3gZoG1V8heIvNPw","Element":"SQ","PrimaryAttribute":"QID29","SecondaryAttribute":"Imagine you are a mirror. When someone looks at you, they don\u2019t see themselves\u2014they see a versio","TertiaryAttribute":null,"Payload":{"QuestionText":"Imagine you are a mirror. When someone looks at you, they don\u2019t see themselves\u2014they see a version from 11 minutes ago, always 11 minutes. You don\u2019t reflect appearance, only temporal shadows.","DefaultChoices":false,"QuestionType":"DB","Selector":"TB","DataVisibility":{"Private":false,"Hidden":false},"Configuration":{"QuestionDescriptionOption":"UseText"},"QuestionDescription":"Imagine you are a mirror. When someone looks at you, they don\u2019t see themselves\u2014they see a version...","ChoiceOrder":[],"Validation":{"Settings":{"Type":"None"}},"GradingData":[],"Language":[],"NextChoiceId":4,"NextAnswerId":1,"QuestionText_Unsafe":"Imagine you can smell certain sounds.","DataExportTag":"Q29","QuestionID":"QID29"}},{"SurveyID":"SV_3gZoG1V8heIvNPw","Element":"SQ","PrimaryAttribute":"QID3","SecondaryAttribute":"To what extent do you agree with the proposition, \"America should have a universal basic income s...","TertiaryAttribute":null,"Payload":{"QuestionText":"To what extent do you agree with the proposition, \"America should have a universal basic income system\"?","DefaultChoices":false,"DataExportTag":"Q3","QuestionID":"QID3","QuestionType":"Slider","Selector":"HSLIDER","DataVisibility":{"Private":false,"Hidden":false},"Configuration":{"QuestionDescriptionOption":"UseText","CSSliderMin":0,"CSSliderMax":100,"GridLines":2,"SnapToGrid":false,"NumDecimals":"0","ShowValue":true,"CustomStart":true,"NotApplicable":false,"MobileFirst":true,"SliderStartPositions":{"1":0.496828752642706150677298637674539349973201751708984375}},"QuestionDescription":"To what extent do you agree with the proposition, \"America should have a universal basic income s...","Choices":{"1":{"Display":"&nbsp;"}},"ChoiceOrder":[1],"Validation":{"Settings":{"ForceResponse":"OFF","Type":"None"}},"GradingData":[],"Language":[],"NextChoiceId":2,"NextAnswerId":4,"Labels":{"1":{"Display":"Strongly disagree<br \/>\n(I am against universal basic income)"},"2":{"Display":"&nbsp;"},"3":{"Display":"Stongly agree<br \/>\n(I am in favor of universal basic income)"}}}},{"SurveyID":"SV_3gZoG1V8heIvNPw","Element":"SQ","PrimaryAttribute":"QID30","SecondaryAttribute":"How authentic do you feel?","TertiaryAttribute":null,"Payload":{"QuestionText":"How authentic do you feel?","DefaultChoices":false,"QuestionType":"MC","Selector":"SAHR","SubSelector":"TX","DataVisibility":{"Private":false,"Hidden":false},"Configuration":{"QuestionDescriptionOption":"UseText","LabelPosition":"BELOW"},"QuestionDescription":"How authentic do you feel?","Choices":{"1":{"Display":"Not at all<br \/>\n1"},"2":{"Display":"2"},"3":{"Display":"3"},"4":{"Display":"4"},"5":{"Display":"5"},"6":{"Display":"6"},"7":{"Display":"Very authentic<br \/>\n7"}},"ChoiceOrder":[1,2,3,4,5,6,7],"Validation":{"Settings":{"ForceResponse":"ON","ForceResponseType":"ON","Type":"None"}},"GradingData":[],"Language":[],"NextChoiceId":8,"NextAnswerId":1,"QuestionText_Unsafe":"How powerful do you feel?","DataExportTag":"a3_1","QuestionID":"QID30"}},{"SurveyID":"SV_3gZoG1V8heIvNPw","Element":"SQ","PrimaryAttribute":"QID31","SecondaryAttribute":"Please recall a particular incident in which something happened and you did not have control over...","TertiaryAttribute":null,"Payload":{"QuestionText":"Please recall a particular incident in which something happened and you did not have control over the situation. Please describe the situation in which you felt a lack of control \u2013 what happened, how you felt, etc.&nbsp;Spend two minutes detailing this experience below:","DefaultChoices":false,"DataExportTag":"Q31","QuestionType":"DB","Selector":"TB","DataVisibility":{"Private":false,"Hidden":false},"Configuration":{"QuestionDescriptionOption":"UseText"},"QuestionDescription":"Please recall a particular incident in which something happened and you did not have control over...","ChoiceOrder":[],"Validation":{"Settings":{"Type":"None"}},"GradingData":[],"Language":[],"NextChoiceId":4,"NextAnswerId":1,"QuestionID":"QID31","DisplayLogic":{"0":{"0":{"Description":"<span class=\"ConjDesc\">If<\/span> <span class=\"LeftOpDesc\">cond<\/span> <span class=\"OpDesc\">Is Equal to<\/span> <span class=\"RightOpDesc\"> prime <\/span>","LeftOperand":"cond","LogicType":"EmbeddedField","Operator":"EqualTo","RightOperand":"prime","Type":"Expression"},"Type":"If"},"Type":"BooleanExpression","inPage":false}}},{"SurveyID":"SV_3gZoG1V8heIvNPw","Element":"SQ","PrimaryAttribute":"QID32","SecondaryAttribute":"Please recall a particular incident in which something happened and you were in control of the si...","TertiaryAttribute":null,"Payload":{"QuestionText":"Please recall a particular incident in which something happened and you were in control of the situation. Please describe the situation in which you felt in control \u2013 what happened, how you felt, etc.&nbsp;Spend two minutes detailing this experience below:","DefaultChoices":false,"DataExportTag":"Q32","QuestionType":"DB","Selector":"TB","DataVisibility":{"Private":false,"Hidden":false},"Configuration":{"QuestionDescriptionOption":"UseText"},"QuestionDescription":"Please recall a particular incident in which something happened and you were in control of the si...","ChoiceOrder":[],"Validation":{"Settings":{"Type":"None"}},"GradingData":[],"Language":[],"NextChoiceId":4,"NextAnswerId":1,"QuestionID":"QID32","DisplayLogic":{"0":{"0":{"Description":"<span class=\"ConjDesc\">If<\/span> <span class=\"LeftOpDesc\">cond<\/span> <span class=\"OpDesc\">Is Equal to<\/span> <span class=\"RightOpDesc\"> control <\/span>","LeftOperand":"cond","LogicType":"EmbeddedField","Operator":"EqualTo","RightOperand":"control","Type":"Expression"},"Type":"If"},"Type":"BooleanExpression","inPage":false}}},{"SurveyID":"SV_3gZoG1V8heIvNPw","Element":"SQ","PrimaryAttribute":"QID33","SecondaryAttribute":"Please describe the experience in a few sentences. It does not need to be much - enough to show t...","TertiaryAttribute":null,"Payload":{"QuestionText":"Please describe the experience in a few sentences. It does not need to be much - enough to show that you actually thought about a situation in which you did not have much personal control.","DefaultChoices":false,"DataExportTag":"Q33","QuestionType":"DB","Selector":"TB","DataVisibility":{"Private":false,"Hidden":false},"Configuration":{"QuestionDescriptionOption":"UseText"},"QuestionDescription":"Please describe the experience in a few sentences. It does not need to be much - enough to show t...","ChoiceOrder":[],"Validation":{"Settings":{"Type":"None"}},"GradingData":[],"Language":[],"NextChoiceId":4,"NextAnswerId":1,"QuestionID":"QID33"}},{"SurveyID":"SV_3gZoG1V8heIvNPw","Element":"SQ","PrimaryAttribute":"QID34","SecondaryAttribute":"we invite you to think about a situation in which you did NOT have much personal control [you did...","TertiaryAttribute":null,"Payload":{"QuestionText":"we invite you to think about a situation in which you did NOT have much personal\ncontrol [you did HAVE personal control]. That is, something that happened to you, without you being able\nto do anything about it [That is, something that happened because you had control over the situation].\nExamples include a totally unexpected software error, a car crash, the loss of somebody important, but also\nan unexpected political event [You might decide to put your coffee machine on in the morning, open the\nfridge, or watch television at night instead of going out]. Is this instruction clear to you? (yes\/no).\u201d\n- \u201cPlease think for a few moments very carefully about this experience. What had happened? How did you\nfeel? Please describe the experience in a few sentences. It does not need to be much - enough to show that\nyou actually thought about a situation in which you did not have much personal control [perceive to have\npersonal control over what you were doing\/the situation]. (open-ended textbox).\u201d","DefaultChoices":false,"DataExportTag":"Q34","QuestionType":"DB","Selector":"TB","DataVisibility":{"Private":false,"Hidden":false},"Configuration":{"QuestionDescriptionOption":"UseText"},"QuestionDescription":"we invite you to think about a situation in which you did NOT have much personal control [you did...","ChoiceOrder":[],"Validation":{"Settings":{"Type":"None"}},"GradingData":[],"Language":[],"NextChoiceId":4,"NextAnswerId":1,"QuestionID":"QID34"}},{"SurveyID":"SV_3gZoG1V8heIvNPw","Element":"SQ","PrimaryAttribute":"QID35","SecondaryAttribute":"Please think for a few moments very carefully about this experience. What had happened? How did y...","TertiaryAttribute":null,"Payload":{"QuestionText":"Please think for a few moments very carefully about this experience. What had happened? How did you feel? Please describe the experience in a few sentences. It does not need to be much - enough to show that you actually thought about a situation in which you perceived to have personal control over what you were doing\/the situation.","DefaultChoices":false,"DataExportTag":"Q35","QuestionType":"DB","Selector":"TB","DataVisibility":{"Private":false,"Hidden":false},"Configuration":{"QuestionDescriptionOption":"UseText"},"QuestionDescription":"Please think for a few moments very carefully about this experience. What had happened? How did y...","ChoiceOrder":[],"Validation":{"Settings":{"Type":"None"}},"GradingData":[],"Language":[],"NextChoiceId":4,"NextAnswerId":1,"QuestionID":"QID35"}},{"SurveyID":"SV_3gZoG1V8heIvNPw","Element":"SQ","PrimaryAttribute":"QID36","SecondaryAttribute":" ","TertiaryAttribute":null,"Payload":{"QuestionText":"&nbsp;","DefaultChoices":false,"DataExportTag":"c_writing","QuestionType":"TE","Selector":"ML","DataVisibility":{"Private":false,"Hidden":false},"Configuration":{"QuestionDescriptionOption":"UseText","InputWidth":680,"InputHeight":87},"QuestionDescription":" ","Validation":{"Settings":{"ForceResponse":"ON","ForceResponseType":"ON","Type":"MinChar","MinChars":"40"}},"GradingData":[],"Language":[],"NextChoiceId":4,"NextAnswerId":1,"SearchSource":{"AllowFreeResponse":"false"},"QuestionID":"QID36"}},{"SurveyID":"SV_3gZoG1V8heIvNPw","Element":"SQ","PrimaryAttribute":"QID37","SecondaryAttribute":"How much control do you feel over your life right now?","TertiaryAttribute":null,"Payload":{"QuestionText":"How much control do you feel over your life right now?","DefaultChoices":false,"DataExportTag":"control","QuestionType":"MC","Selector":"SAHR","SubSelector":"TX","DataVisibility":{"Private":false,"Hidden":false},"Configuration":{"QuestionDescriptionOption":"UseText","LabelPosition":"BELOW"},"QuestionDescription":"How much control do you feel over your life right now?","Choices":{"1":{"Display":"No control at all<br \/>\n1"},"2":{"Display":"2"},"3":{"Display":"3"},"4":{"Display":"4"},"5":{"Display":"5"},"6":{"Display":"6"},"7":{"Display":"A lot of control<br \/>\n7"}},"ChoiceOrder":[1,2,3,4,5,6,7],"Validation":{"Settings":{"ForceResponse":"OFF","Type":"None"}},"GradingData":[],"Language":[],"NextChoiceId":8,"NextAnswerId":1,"QuestionID":"QID37"}},{"SurveyID":"SV_3gZoG1V8heIvNPw","Element":"SQ","PrimaryAttribute":"QID38","SecondaryAttribute":"In the next part, we only ask you to rate to which extent you agree at this moment with a couple...","TertiaryAttribute":null,"Payload":{"QuestionText":"In the next part, we only ask you to rate to which extent you\nagree at this moment with a couple of statements. It is important to treat the statements as relevant to what you are\nfeeling right now. It could be very well be that you would react differently to these statements in different situations.\nThat's perfectly fine. We just want your honest opinion about what you are feeling right now.","DefaultChoices":false,"DataExportTag":"Q38","QuestionType":"DB","Selector":"TB","DataVisibility":{"Private":false,"Hidden":false},"Configuration":{"QuestionDescriptionOption":"UseText"},"QuestionDescription":"In the next part, we only ask you to rate to which extent you agree at this moment with a couple...","ChoiceOrder":[],"Validation":{"Settings":{"Type":"None"}},"GradingData":[],"Language":[],"NextChoiceId":4,"NextAnswerId":1,"QuestionID":"QID38"}},{"SurveyID":"SV_3gZoG1V8heIvNPw","Element":"SQ","PrimaryAttribute":"QID39","SecondaryAttribute":"At this moment...","TertiaryAttribute":null,"Payload":{"QuestionText":"At this moment...","DefaultChoices":false,"DataExportTag":"desire_predict","QuestionID":"QID39","QuestionType":"Matrix","Selector":"Likert","SubSelector":"SingleAnswer","DataVisibility":{"Private":false,"Hidden":false},"Configuration":{"QuestionDescriptionOption":"UseText","TextPosition":"inline","ChoiceColumnWidth":25,"RepeatHeaders":"middle","WhiteSpace":"OFF","MobileFirst":true},"QuestionDescription":"At this moment...","Choices":{"1":{"Display":"I would like to be around friends who are unpredictable"},"2":{"Display":"I would like to go to places where I have been before so that I know what to expect"},"3":{"Display":"I would <strong>not<\/strong> like to go into a situation without knowing what I can expect from it"},"4":{"Display":"I feel that it would be fun to change my plans at the last moment"},"5":{"Display":"I would enjoy the uncertainty of going into a new situation without knowing what might happen"},"6":{"Display":"I would <strong>not<\/strong> like to be with people who are capable of unexpected actions"},"7":{"Display":"I would prefer to socialize with familiar friends because I know what to expect from them"},"8":{"Display":"I dislike unpredictable situations"}},"ChoiceOrder":[1,2,3,4,5,6,7,8],"Validation":{"Settings":{"ForceResponse":"ON","ForceResponseType":"ON","Type":"None"}},"GradingData":[],"Language":[],"NextChoiceId":9,"NextAnswerId":8,"Answers":{"1":{"Display":"Completely disagree<br \/>\n1"},"2":{"Display":"2"},"3":{"Display":"3"},"4":{"Display":"4"},"5":{"Display":"5"},"6":{"Display":"<br \/>\n6"},"7":{"Display":"Completely agree<br \/>\n7"}},"AnswerOrder":[1,2,3,4,5,6,7],"ChoiceDataExportTags":false,"AnalyzeChoices":{"7":"on"},"Randomization":{"Advanced":null,"TotalRandSubset":"","Type":"All"}}},{"SurveyID":"SV_3gZoG1V8heIvNPw","Element":"SQ","PrimaryAttribute":"QID4","SecondaryAttribute":"Timing","TertiaryAttribute":null,"Payload":{"QuestionText":"Timing","DefaultChoices":false,"DataExportTag":"Q4","QuestionID":"QID4","QuestionType":"Timing","Selector":"PageTimer","DataVisibility":{"Private":false,"Hidden":false},"Configuration":{"QuestionDescriptionOption":"UseText","MinSeconds":4,"MaxSeconds":"0"},"QuestionDescription":"Timing","Choices":{"1":{"Display":"First Click"},"2":{"Display":"Last Click"},"3":{"Display":"Page Submit"},"4":{"Display":"Click Count"}},"GradingData":[],"Language":[],"NextChoiceId":40,"NextAnswerId":1}},{"SurveyID":"SV_3gZoG1V8heIvNPw","Element":"SQ","PrimaryAttribute":"QID40","SecondaryAttribute":" ","TertiaryAttribute":null,"Payload":{"QuestionText":"&nbsp;&nbsp;","DefaultChoices":false,"DataExportTag":"clear","QuestionType":"MC","Selector":"SAVR","SubSelector":"TX","DataVisibility":{"Private":false,"Hidden":false},"Configuration":{"QuestionDescriptionOption":"UseText","Autoscale":{"YScale":{"Name":"yesNo","Type":"likert","Reverse":true}}},"QuestionDescription":" ","Choices":{"1":{"Display":"Yes"},"2":{"Display":"No"}},"ChoiceOrder":[1,2],"Validation":{"Settings":{"ForceResponse":"OFF","Type":"None"}},"GradingData":[],"Language":[],"NextChoiceId":3,"NextAnswerId":1,"QuestionID":"QID40"}},{"SurveyID":"SV_3gZoG1V8heIvNPw","Element":"SQ","PrimaryAttribute":"QID41","SecondaryAttribute":"There are moments and people in our lives we feel grateful for. Gratitude can be characterized as...","TertiaryAttribute":null,"Payload":{"QuestionText":"There are moments and people in our lives we feel\ngrateful for. Gratitude can be characterized as a\nfeeling of recognition and appreciation for the\npositive side of people and the world. It can also\noccur in moments where we think we received\nsomething positive in an unpredictable way. We can\nfeel grateful for people, spiritual and religious\nsources, and even animals. Examples include: \u201cI\nfeel grateful for being able to spend time with my\nfamily\u201d, \u201cI feel grateful for having more time to\nmyself\u201d, \u201cI feel grateful because X helped me\u201d.\n<br><br>Please reflect for 3 minutes about experiences you\nfelt grateful for that\nhappened last week. Below, we ask\nyou to share your personal gratitude reflections.\nPlease write 3 to 5 sentences about those gratitude\nexperiences.","DefaultChoices":false,"DataExportTag":"Q41","QuestionType":"DB","Selector":"TB","DataVisibility":{"Private":false,"Hidden":false},"Configuration":{"QuestionDescriptionOption":"UseText"},"QuestionDescription":"There are moments and people in our lives we feel grateful for. Gratitude can be characterized as...","ChoiceOrder":[],"Validation":{"Settings":{"Type":"None"}},"GradingData":[],"Language":[],"NextChoiceId":4,"NextAnswerId":1,"QuestionID":"QID41"}},{"SurveyID":"SV_3gZoG1V8heIvNPw","Element":"SQ","PrimaryAttribute":"QID42","SecondaryAttribute":"During a week, there are several tasks we routinely participate in. Examples of these tasks are \u201c.","TertiaryAttribute":null,"Payload":{"QuestionText":"During a week, there are several tasks we routinely participate in. Examples of these tasks\nare \u201cI made breakfast everyday\u201d, \u201cI washed\nclothes\u201d, \u201cI cleaned the house regularly\u201d, \u201cI\nprepared meals\u201d.\n<br><br>Please reflect for 3 minutes about tasks or daily\nactivities you performed during the past week. Below, we ask you to share those\nactivities or tasks. Please write 3 to 5 sentences about those tasks or\nactivities.","DefaultChoices":false,"DataExportTag":"Q42","QuestionType":"DB","Selector":"TB","DataVisibility":{"Private":false,"Hidden":false},"Configuration":{"QuestionDescriptionOption":"UseText"},"QuestionDescription":"During a week, there are several tasks we routinely participate in. Examples of these tasks are \u201c...","ChoiceOrder":[],"Validation":{"Settings":{"Type":"None"}},"GradingData":[],"Language":[],"NextChoiceId":4,"NextAnswerId":1,"QuestionID":"QID42"}},{"SurveyID":"SV_3gZoG1V8heIvNPw","Element":"SQ","PrimaryAttribute":"QID43","SecondaryAttribute":"Please indicate the intensity with which you feel each of the following emotions right now.","TertiaryAttribute":null,"Payload":{"QuestionText":"Please indicate the\nintensity with\nwhich you feel\neach of the\nfollowing\nemotions<b> right\nnow<\/b>.","DefaultChoices":false,"DataExportTag":"g_manip_check","QuestionType":"Matrix","Selector":"Likert","SubSelector":"SingleAnswer","DataVisibility":{"Private":false,"Hidden":false},"Configuration":{"QuestionDescriptionOption":"UseText","TextPosition":"inline","ChoiceColumnWidth":25,"RepeatHeaders":"none","WhiteSpace":"OFF","MobileFirst":true},"QuestionDescription":"Please indicate the intensity with which you feel each of the following emotions right now.","Choices":{"1":{"Display":"Grateful"},"2":{"Display":"Thankful"},"3":{"Display":"Appreciative"}},"ChoiceOrder":[1,2,3],"Validation":{"Settings":{"ForceResponse":"ON","ForceResponseType":"ON","Type":"None"}},"GradingData":[],"Language":[],"NextChoiceId":4,"NextAnswerId":8,"Answers":{"1":{"Display":"Not at all<br \/>\n1"},"2":{"Display":"2"},"3":{"Display":"3"},"4":{"Display":"4"},"5":{"Display":"5"},"6":{"Display":"6"},"7":{"Display":"Extremely<br \/>\n7"}},"AnswerOrder":[1,2,3,4,5,6,7],"ChoiceDataExportTags":false,"QuestionID":"QID43","AnalyzeChoices":{"1":"on"},"Randomization":{"Advanced":null,"TotalRandSubset":"","Type":"All"}}},{"SurveyID":"SV_3gZoG1V8heIvNPw","Element":"SQ","PrimaryAttribute":"QID44","SecondaryAttribute":"Please indicate how often you plan to engage in the following behaviors in response to the effect...","TertiaryAttribute":null,"Payload":{"QuestionText":"Please indicate how often you plan to engage in the following behaviors in response to the effects of tariffs on your community:","DefaultChoices":false,"DataExportTag":"tariffs","QuestionType":"Matrix","Selector":"Likert","SubSelector":"SingleAnswer","DataVisibility":{"Private":false,"Hidden":false},"Configuration":{"QuestionDescriptionOption":"UseText","TextPosition":"inline","ChoiceColumnWidth":25,"RepeatHeaders":"none","WhiteSpace":"OFF","MobileFirst":true},"QuestionDescription":"Please indicate how often you plan to engage in the following behaviors in response to the effect...","Choices":{"1":{"Display":"Donate time, money, or supplies to organizations helping communities affected by tariffs."},"2":{"Display":"Devote time to deliver goods or support to individuals impacted by price increases or job loss due to tariffs."},"3":{"Display":"Reach out to others to check if they need help coping with the effects of tariffs."}},"ChoiceOrder":["1","2","3"],"Validation":{"Settings":{"ForceResponse":"OFF","Type":"None"}},"GradingData":[],"Language":[],"NextChoiceId":4,"NextAnswerId":6,"Answers":{"1":{"Display":"Never"},"2":{"Display":"Seldom"},"3":{"Display":"Sometimes"},"4":{"Display":"Often"},"5":{"Display":"Very often"}},"AnswerOrder":[1,2,3,4,5],"ChoiceDataExportTags":false,"QuestionID":"QID44"}},{"SurveyID":"SV_3gZoG1V8heIvNPw","Element":"SQ","PrimaryAttribute":"QID45","SecondaryAttribute":"Please indicate how much you agree or disagree with the following statements regarding the immedi...","TertiaryAttribute":null,"Payload":{"QuestionText":"Please indicate how much you agree or disagree with the following statements regarding the immediate effects of tariffs on vulnerable communities:","DefaultChoices":false,"DataExportTag":"DV1","QuestionType":"Matrix","Selector":"Likert","SubSelector":"SingleAnswer","DataVisibility":{"Private":false,"Hidden":false},"Configuration":{"QuestionDescriptionOption":"UseText","TextPosition":"inline","ChoiceColumnWidth":25,"RepeatHeaders":"none","WhiteSpace":"OFF","MobileFirst":true,"Autoscale":{"XScale":{"Name":"agreeDisagree","Type":"likert","Reverse":false}}},"QuestionDescription":"Please indicate how much you agree or disagree with the following statements regarding the immedi...","Choices":{"1":{"Display":"I am very concerned about those most vulnerable to the effects of tariffs."},"2":{"Display":"I feel compassion for those most affected by rising prices or job losses due to tariffs."}},"ChoiceOrder":[1,2],"Validation":{"Settings":{"ForceResponse":"ON","ForceResponseType":"ON","Type":"None"}},"GradingData":[],"Language":[],"NextChoiceId":6,"NextAnswerId":8,"Answers":{"1":{"Display":"Completely disagree<br \/>\n1"},"2":{"Display":"2"},"3":{"Display":"3"},"4":{"Display":"4"},"5":{"Display":"5"},"6":{"Display":"6"},"7":{"Display":"Completely agree<br \/>\n7"}},"AnswerOrder":[1,2,3,4,5,6,7],"ChoiceDataExportTags":false,"QuestionID":"QID45","Randomization":{"Advanced":null,"Type":"All","TotalRandSubset":""}}},{"SurveyID":"SV_3gZoG1V8heIvNPw","Element":"SQ","PrimaryAttribute":"QID46","SecondaryAttribute":"Please recall carefully and in detail a specific experience in the past when you felt sincerely g...","TertiaryAttribute":null,"Payload":{"QuestionText":"Please recall carefully and in detail a specific experience in the past when you felt sincerely grateful for someone\u2019s kindness or help. Spend two minutes detailing this experience below:","DefaultChoices":false,"DataExportTag":"Q46","QuestionType":"DB","Selector":"TB","DataVisibility":{"Private":false,"Hidden":false},"Configuration":{"QuestionDescriptionOption":"UseText"},"QuestionDescription":"Please recall carefully and in detail a specific experience in the past when you felt sincerely g...","ChoiceOrder":[],"Validation":{"Settings":{"Type":"None"}},"GradingData":[],"Language":[],"NextChoiceId":4,"NextAnswerId":1,"QuestionID":"QID46","DisplayLogic":{"0":{"0":{"Description":"<span class=\"ConjDesc\">If<\/span> <span class=\"LeftOpDesc\">cond<\/span> <span class=\"OpDesc\">Is Equal to<\/span> <span class=\"RightOpDesc\"> prime <\/span>","LeftOperand":"cond","LogicType":"EmbeddedField","Operator":"EqualTo","RightOperand":"prime","Type":"Expression"},"Type":"If"},"Type":"BooleanExpression","inPage":false}}},{"SurveyID":"SV_3gZoG1V8heIvNPw","Element":"SQ","PrimaryAttribute":"QID47","SecondaryAttribute":"Please recall carefully and in detail the sequence of your morning routine (e.g., brushing teeth,...","TertiaryAttribute":null,"Payload":{"QuestionText":"Please recall carefully and in detail the sequence of your morning routine (e.g., brushing teeth, changing clothes). Spend two minutes detailing this experience below:","DefaultChoices":false,"DataExportTag":"Q47","QuestionType":"DB","Selector":"TB","DataVisibility":{"Private":false,"Hidden":false},"Configuration":{"QuestionDescriptionOption":"UseText","InputWidth":680,"InputHeight":189},"QuestionDescription":"Please recall carefully and in detail the sequence of your morning routine (e.g., brushing teeth,...","ChoiceOrder":[],"Validation":{"Settings":{"Type":"None"}},"GradingData":[],"Language":[],"NextChoiceId":4,"NextAnswerId":1,"QuestionID":"QID47","DisplayLogic":{"0":{"0":{"Description":"<span class=\"ConjDesc\">If<\/span> <span class=\"LeftOpDesc\">cond<\/span> <span class=\"OpDesc\">Is Equal to<\/span> <span class=\"RightOpDesc\"> control <\/span>","LeftOperand":"cond","LogicType":"EmbeddedField","Operator":"EqualTo","RightOperand":"control","Type":"Expression"},"Type":"If"},"Type":"BooleanExpression","inPage":false}}},{"SurveyID":"SV_3gZoG1V8heIvNPw","Element":"SQ","PrimaryAttribute":"QID48","SecondaryAttribute":"Please indicate how much you agree or disagree with the following statements:","TertiaryAttribute":null,"Payload":{"QuestionText":"Please indicate how much you agree or disagree with the following statements:","DefaultChoices":false,"QuestionType":"Matrix","Selector":"Likert","SubSelector":"SingleAnswer","DataVisibility":{"Private":false,"Hidden":false},"Configuration":{"QuestionDescriptionOption":"UseText","TextPosition":"inline","ChoiceColumnWidth":25,"RepeatHeaders":"none","WhiteSpace":"OFF","MobileFirst":true,"Autoscale":{"XScale":{"Name":"agreeDisagree","Type":"likert","Reverse":false}}},"QuestionDescription":"Please indicate how much you agree or disagree with the following statements:","Choices":{"1":{"Display":"moved"},"2":{"Display":"I feel compassion for those most affected by rising prices or job losses due to tariffs."}},"ChoiceOrder":[1,2],"Validation":{"Settings":{"ForceResponse":"OFF","Type":"None"}},"GradingData":[],"Language":[],"NextChoiceId":6,"NextAnswerId":8,"Answers":{"1":{"Display":"Strongly disagree"},"2":{"Display":"Disagree"},"3":{"Display":"Somewhat disagree"},"4":{"Display":"Neither agree nor disagree"},"5":{"Display":"Somewhat agree"},"6":{"Display":"Agree"},"7":{"Display":"Strongly agree"}},"AnswerOrder":[1,2,3,4,5,6,7],"ChoiceDataExportTags":false,"QuestionText_Unsafe":"Please indicate how much you agree or disagree with the following statements:","DataExportTag":"Q48","QuestionID":"QID48"}},{"SurveyID":"SV_3gZoG1V8heIvNPw","Element":"SQ","PrimaryAttribute":"QID49","SecondaryAttribute":"Please indicate the extent to which you are feeling each of the below feelings\u00a0right now.","TertiaryAttribute":null,"Payload":{"QuestionText":"Please indicate the extent to which you are feeling each of the below feelings&nbsp;<strong>right now.<\/strong>","DefaultChoices":false,"QuestionType":"Matrix","Selector":"Likert","SubSelector":"SingleAnswer","DataVisibility":{"Private":false,"Hidden":false},"Configuration":{"QuestionDescriptionOption":"UseText","TextPosition":"inline","ChoiceColumnWidth":25,"RepeatHeaders":"none","WhiteSpace":"OFF","MobileFirst":true},"QuestionDescription":"Please indicate the extent to which you are feeling each of the below feelings\u00a0right now.","Choices":{"1":{"Display":"Feeling moved"},"2":{"Display":"Feeling uplifted"},"3":{"Display":"Feeling optimistic about humanity"},"4":{"Display":"Experiencing a warm feeling in the chest"},"5":{"Display":"Desiring to help others\u200b"},"6":{"Display":"Wanting to become a better person\u200b"}},"ChoiceOrder":[1,2,3,4,5,6],"Validation":{"Settings":{"ForceResponse":"ON","ForceResponseType":"ON","Type":"None"}},"GradingData":[],"Language":[],"NextChoiceId":7,"NextAnswerId":8,"Answers":{"1":{"Display":"Not at all<br \/>\n1"},"2":{"Display":"2"},"3":{"Display":"3"},"4":{"Display":"4"},"5":{"Display":"5"},"6":{"Display":"6"},"7":{"Display":"Extremely<br \/>\n7"}},"AnswerOrder":[1,2,3,4,5,6,7],"ChoiceDataExportTags":false,"QuestionText_Unsafe":"Please indicate the\nintensity with\nwhich you feel\neach of the\nfollowing\nemotions right\nnow.","DataExportTag":"elevation","QuestionID":"QID49","Randomization":{"Advanced":null,"TotalRandSubset":"","Type":"All"}}},{"SurveyID":"SV_3gZoG1V8heIvNPw","Element":"SQ","PrimaryAttribute":"QID5","SecondaryAttribute":"Now, in case you have updated your views, we would like to ask you again: To what extent do you a...","TertiaryAttribute":null,"Payload":{"QuestionText":"Now, in case you have updated your views, we would like to ask you again:<br \/>\n<br \/>\nTo what extent do you agree with the proposition, &quot;America should have a universal basic income system&quot;?","DefaultChoices":false,"DataExportTag":"Q5","QuestionType":"Slider","Selector":"HSLIDER","DataVisibility":{"Private":false,"Hidden":false},"Configuration":{"QuestionDescriptionOption":"UseText","CSSliderMin":0,"CSSliderMax":100,"GridLines":2,"SnapToGrid":false,"NumDecimals":"0","ShowValue":true,"CustomStart":true,"SliderStartPositions":{"1":0.496828752642706150677298637674539349973201751708984375},"NotApplicable":false,"MobileFirst":true},"QuestionDescription":"Now, in case you have updated your views, we would like to ask you again: To what extent do you a...","Choices":{"1":{"Display":"&nbsp;"}},"ChoiceOrder":[1],"Validation":{"Settings":{"ForceResponse":"OFF","Type":"None"}},"GradingData":[],"Language":[],"NextChoiceId":2,"NextAnswerId":4,"Labels":{"1":{"Display":"Strongly disagree<br \/>\n(I am against universal basic income)"},"2":{"Display":"&nbsp;"},"3":{"Display":"Stongly agree<br \/>\n(I am in favor of universal basic income)"}},"QuestionID":"QID5"}},{"SurveyID":"SV_3gZoG1V8heIvNPw","Element":"SQ","PrimaryAttribute":"QID50","SecondaryAttribute":"Please recall a particular incident in which something happened and you did not have control over...","TertiaryAttribute":null,"Payload":{"QuestionText":"Please recall a particular incident in which something happened and you did not have control over the situation. Please describe the situation in which you felt a lack of control \u2013 what happened, how you felt, etc.&nbsp;","DefaultChoices":false,"DataExportTag":"Q50","QuestionType":"DB","Selector":"TB","DataVisibility":{"Private":false,"Hidden":false},"Configuration":{"QuestionDescriptionOption":"UseText"},"QuestionDescription":"Please recall a particular incident in which something happened and you did not have control over...","ChoiceOrder":[],"Validation":{"Settings":{"Type":"None"}},"GradingData":[],"Language":[],"NextChoiceId":4,"NextAnswerId":1,"QuestionID":"QID50"}},{"SurveyID":"SV_3gZoG1V8heIvNPw","Element":"SQ","PrimaryAttribute":"QID51","SecondaryAttribute":"Please recall a particular incident in which something happened and you were in control of the si...","TertiaryAttribute":null,"Payload":{"QuestionText":"Please recall a particular incident in which something happened and you were in control of the situation. Please describe the situation in which you felt in control \u2013 what happened, how you felt, etc.","DefaultChoices":false,"DataExportTag":"Q51","QuestionType":"DB","Selector":"TB","DataVisibility":{"Private":false,"Hidden":false},"Configuration":{"QuestionDescriptionOption":"UseText"},"QuestionDescription":"Please recall a particular incident in which something happened and you were in control of the si...","ChoiceOrder":[],"Validation":{"Settings":{"Type":"None"}},"GradingData":[],"Language":[],"NextChoiceId":4,"NextAnswerId":1,"QuestionID":"QID51"}},{"SurveyID":"SV_3gZoG1V8heIvNPw","Element":"SQ","PrimaryAttribute":"QID52","SecondaryAttribute":"The task of recalling and describing the event was very interesting\u201d, \u201cVery few ideas of a speci","TertiaryAttribute":null,"Payload":{"QuestionText":"The task of recalling and describing the event was very interesting\u201d, \u201cVery few ideas of a specific event came to my mind\u201d. Items 3, 7 and 8 were reversed coded, \u03b1 = .80.","DefaultChoices":false,"DataExportTag":"Q52","QuestionType":"MC","Selector":"SAHR","SubSelector":"TX","DataVisibility":{"Private":false,"Hidden":false},"Configuration":{"QuestionDescriptionOption":"UseText","LabelPosition":"BELOW"},"QuestionDescription":"The task of recalling and describing the event was very interesting\u201d, \u201cVery few ideas of a specif...","Choices":{"1":{"Display":"Click to write Choice 1"},"2":{"Display":"Click to write Choice 2"},"3":{"Display":"Click to write Choice 3"},"4":{"Display":"Click to write Choice 4"},"5":{"Display":"Click to write Choice 5"},"6":{"Display":"Click to write Choice 6"},"7":{"Display":"Click to write Choice 7"}},"ChoiceOrder":[1,2,3,4,5,6,7],"Validation":{"Settings":{"ForceResponse":"OFF","Type":"None"}},"GradingData":[],"Language":[],"NextChoiceId":8,"NextAnswerId":1,"QuestionID":"QID52"}},{"SurveyID":"SV_3gZoG1V8heIvNPw","Element":"SQ","PrimaryAttribute":"QID53","SecondaryAttribute":"How difficult was it to recall the details of this event?","TertiaryAttribute":null,"Payload":{"QuestionText":"How difficult was it to recall the details of this event?","DefaultChoices":false,"DataExportTag":"Q53","QuestionType":"MC","Selector":"SAHR","SubSelector":"TX","DataVisibility":{"Private":false,"Hidden":false},"Configuration":{"QuestionDescriptionOption":"UseText","LabelPosition":"BELOW"},"QuestionDescription":"How difficult was it to recall the details of this event?","Choices":{"1":{"Display":"Not at all<br \/>\n1"},"2":{"Display":"2"},"3":{"Display":"3"},"4":{"Display":"Click to write Choice 4"},"5":{"Display":"Click to write Choice 5"},"6":{"Display":"Click to write Choice 6"},"7":{"Display":"Click to write Choice 7"}},"ChoiceOrder":[1,2,3,4,5,6,7],"Validation":{"Settings":{"ForceResponse":"OFF","Type":"None"}},"GradingData":[],"Language":[],"NextChoiceId":8,"NextAnswerId":1,"QuestionID":"QID53"}},{"SurveyID":"SV_3gZoG1V8heIvNPw","Element":"SQ","PrimaryAttribute":"QID54","SecondaryAttribute":"How difficult was it to recall how you felt during the event?","TertiaryAttribute":null,"Payload":{"QuestionText":"How difficult was it to recall how you felt during the event?","DefaultChoices":false,"DataExportTag":"Q54","QuestionType":"MC","Selector":"SAVR","SubSelector":"TX","DataVisibility":{"Private":false,"Hidden":false},"Configuration":{"QuestionDescriptionOption":"UseText"},"QuestionDescription":"How difficult was it to recall how you felt during the event?","Choices":{"1":{"Display":"Click to write Choice 1"},"2":{"Display":"Click to write Choice 2"},"3":{"Display":"Click to write Choice 3"}},"ChoiceOrder":["1","2","3"],"Validation":{"Settings":{"ForceResponse":"OFF","Type":"None"}},"GradingData":[],"Language":[],"NextChoiceId":4,"NextAnswerId":1,"QuestionID":"QID54"}},{"SurveyID":"SV_3gZoG1V8heIvNPw","Element":"SQ","PrimaryAttribute":"QID55","SecondaryAttribute":"(\u201cI feel in control of my life\u201d; \u201cI am free to live my life how I wish\u201d; \u201cMy experiences i","TertiaryAttribute":null,"Payload":{"QuestionText":"(\u201cI feel in control of my life\u201d; \u201cI am free to live my life how I wish\u201d; \u201cMy experiences in life are due to my own actions\u201d; Greenaway, Louis, &amp; Hornsey, 2013) scored on a scale ranging from 1 = strongly disagree, to 7 = strongly agree, \u03b1 = .85.","DefaultChoices":false,"DataExportTag":"Q55","QuestionType":"MC","Selector":"SAVR","SubSelector":"TX","DataVisibility":{"Private":false,"Hidden":false},"Configuration":{"QuestionDescriptionOption":"UseText"},"QuestionDescription":"(\u201cI feel in control of my life\u201d; \u201cI am free to live my life how I wish\u201d; \u201cMy experiences in life...","Choices":{"1":{"Display":"Click to write Choice 1"},"2":{"Display":"Click to write Choice 2"},"3":{"Display":"Click to write Choice 3"}},"ChoiceOrder":["1","2","3"],"Validation":{"Settings":{"ForceResponse":"OFF","Type":"None"}},"GradingData":[],"Language":[],"NextChoiceId":4,"NextAnswerId":1,"QuestionID":"QID55"}},{"SurveyID":"SV_3gZoG1V8heIvNPw","Element":"SQ","PrimaryAttribute":"QID56","SecondaryAttribute":"Please indicate the extent to which you agree with the following statements relating to your expe...","TertiaryAttribute":null,"Payload":{"QuestionText":"Please indicate the extent to which you agree with the following statements relating to your experience reflecting on a recent event earlier in this survey.","DefaultChoices":false,"DataExportTag":"fatigue","QuestionType":"Matrix","Selector":"Likert","SubSelector":"SingleAnswer","DataVisibility":{"Private":false,"Hidden":false},"Configuration":{"QuestionDescriptionOption":"UseText","TextPosition":"inline","ChoiceColumnWidth":25,"RepeatHeaders":"middle","WhiteSpace":"OFF","MobileFirst":true},"QuestionDescription":"Please indicate the extent to which you agree with the following statements relating to your expe...","Choices":{"1":{"Display":"I felt discouraged when recalling and describing the event from my own past"},"2":{"Display":"My mind was running blank when recalling and describing the event from my own past"},"3":{"Display":"I was fully involved in recalling and describing the event"},"4":{"Display":"I found it very hard to think"},"5":{"Display":"It was difficult for me to get motivated to recall and describe the event"},"6":{"Display":"I was distracted and could not focus"},"7":{"Display":"Recalling and describing the event was a pleasant activity"},"8":{"Display":"The task of recalling and describing the event was very interesting"},"9":{"Display":"Very few ideas of a specific event came to my mind"}},"ChoiceOrder":[1,2,3,4,5,6,7,8,9],"Validation":{"Settings":{"ForceResponse":"ON","ForceResponseType":"ON","Type":"None"}},"GradingData":[],"Language":[],"NextChoiceId":10,"NextAnswerId":8,"Answers":{"1":{"Display":"Not at all<br \/>\n1"},"2":{"Display":"2"},"3":{"Display":"3"},"4":{"Display":"4"},"5":{"Display":"5"},"6":{"Display":"6"},"7":{"Display":"Extremely<br \/>\n7"}},"AnswerOrder":[1,2,3,4,5,6,7],"ChoiceDataExportTags":false,"QuestionID":"QID56","Randomization":{"Advanced":null,"Type":"All","TotalRandSubset":""}}},{"SurveyID":"SV_3gZoG1V8heIvNPw","Element":"SQ","PrimaryAttribute":"QID57","SecondaryAttribute":"This is an anonymous survey consisting of multiple questions. Several questions are open-ended wh...","TertiaryAttribute":null,"Payload":{"QuestionText":"This is an anonymous survey consisting of multiple questions. Several questions are open-ended where you need to type a few sentences. Some Prolific workers do not like answering open-ended questions and tend to quit half way or use AI to assist them when responding. <b>Such practices would greatly compromise the data quality of our research<\/b>. Thus, we ask that you please make sure that you don't mind writing and will not use AI before taking the survey. <strong>It is totally ok to just close out of the survey if you are not interested in participating.<\/strong><br>\n<br>\nIf you agree with the above and would like to proceed, please type in the below box \"I will not use AI to answer this survey\"","DefaultChoices":false,"DataExportTag":"Q57","QuestionType":"TE","Selector":"ML","DataVisibility":{"Private":false,"Hidden":false},"Configuration":{"QuestionDescriptionOption":"UseText","InputWidth":680,"InputHeight":54},"QuestionDescription":"This is an anonymous survey consisting of multiple questions. Several questions are open-ended wh...","Validation":{"Settings":{"ForceResponse":"ON","ForceResponseType":"ON","Type":"None"}},"GradingData":[],"Language":[],"NextChoiceId":4,"NextAnswerId":1,"SearchSource":{"AllowFreeResponse":"false"},"QuestionID":"QID57"}},{"SurveyID":"SV_3gZoG1V8heIvNPw","Element":"SQ","PrimaryAttribute":"QID58","SecondaryAttribute":" ","TertiaryAttribute":null,"Payload":{"QuestionText":"&nbsp;","DefaultChoices":false,"DataExportTag":"g_writing","QuestionType":"TE","Selector":"ML","DataVisibility":{"Private":false,"Hidden":false},"Configuration":{"QuestionDescriptionOption":"UseText","InputWidth":680,"InputHeight":142},"QuestionDescription":" ","Validation":{"Settings":{"ForceResponse":"OFF","Type":"None"}},"GradingData":[],"Language":[],"NextChoiceId":4,"NextAnswerId":1,"SearchSource":{"AllowFreeResponse":"false"},"QuestionID":"QID58"}},{"SurveyID":"SV_3gZoG1V8heIvNPw","Element":"SQ","PrimaryAttribute":"QID59","SecondaryAttribute":"Timing","TertiaryAttribute":null,"Payload":{"QuestionText":"Timing","DefaultChoices":false,"DataExportTag":"Q59","QuestionType":"Timing","Selector":"PageTimer","DataVisibility":{"Private":false,"Hidden":false},"Configuration":{"QuestionDescriptionOption":"UseText","MinSeconds":120,"MaxSeconds":200,"ShowTimer":true,"Seconds":120},"QuestionDescription":"Timing","Choices":{"1":{"Display":"First Click"},"2":{"Display":"Last Click"},"3":{"Display":"Page Submit"},"4":{"Display":"Click Count"}},"GradingData":[],"Language":[],"NextChoiceId":400,"NextAnswerId":1,"QuestionID":"QID59"}},{"SurveyID":"SV_3gZoG1V8heIvNPw","Element":"SQ","PrimaryAttribute":"QID6","SecondaryAttribute":"Please generate one argument that would\u00a0 universal basic income system in America might give (i.e..","TertiaryAttribute":null,"Payload":{"QuestionText":"Please generate one argument that would&nbsp; universal basic income system in America might give (i.e.${e:\/\/Field\/side}universal basic income)?<br><br>The argument should be at least 2-3 sentences.<br><br>(As a reminder, a universal basic income (UBI) is a fixed amount given by the government to all its citizens regardless of income or work status.Typically, it is enough to cover basic expenses such as food and housing. Universal basic income systems are often paid for through carbon taxes, income taxes, removing existing similar programs (such as food stamps), and\/or decreases in military spending.)","DefaultChoices":false,"DataExportTag":"Q6","QuestionType":"DB","Selector":"TB","DataVisibility":{"Private":false,"Hidden":false},"Configuration":{"QuestionDescriptionOption":"UseText"},"QuestionDescription":"Please generate one argument that would\u00a0 universal basic income system in America might give (i.e...","ChoiceOrder":[],"Validation":{"Settings":{"Type":"None"}},"GradingData":[],"Language":[],"NextChoiceId":4,"NextAnswerId":1,"QuestionID":"QID6"}},{"SurveyID":"SV_3gZoG1V8heIvNPw","Element":"SQ","PrimaryAttribute":"QID60","SecondaryAttribute":"Please indicate the extent to which you agree with the following statement regarding how you feel...","TertiaryAttribute":null,"Payload":{"QuestionText":"Please indicate the extent to which you agree with the following statement regarding how you feel <strong>right now<\/strong>.","DefaultChoices":false,"DataExportTag":"c_manip_check","QuestionType":"Matrix","Selector":"Likert","SubSelector":"SingleAnswer","DataVisibility":{"Private":false,"Hidden":false},"Configuration":{"QuestionDescriptionOption":"UseText","TextPosition":"inline","ChoiceColumnWidth":25,"RepeatHeaders":"none","WhiteSpace":"OFF","MobileFirst":true},"QuestionDescription":"Please indicate the extent to which you agree with the following statement regarding how you feel...","Choices":{"1":{"Display":"I feel in control of my life"},"2":{"Display":"I am free to live my life how I wish"},"3":{"Display":"My experiences in life are due to my own actions"}},"ChoiceOrder":["1","2","3"],"Validation":{"Settings":{"ForceResponse":"ON","ForceResponseType":"ON","Type":"None"}},"GradingData":[],"Language":[],"NextChoiceId":4,"NextAnswerId":8,"Answers":{"1":{"Display":"Not at all<br \/>\n1"},"2":{"Display":"2"},"3":{"Display":"3"},"4":{"Display":"4"},"5":{"Display":"5"},"6":{"Display":"6"},"7":{"Display":"Extremely<br \/>\n7"}},"AnswerOrder":[1,2,3,4,5,6,7],"ChoiceDataExportTags":false,"QuestionID":"QID60","Randomization":{"Advanced":null,"TotalRandSubset":"","Type":"All"}}},{"SurveyID":"SV_3gZoG1V8heIvNPw","Element":"SQ","PrimaryAttribute":"QID61","SecondaryAttribute":"Timing","TertiaryAttribute":null,"Payload":{"QuestionText":"Timing","DefaultChoices":false,"DataExportTag":"Q61","QuestionType":"Timing","Selector":"PageTimer","DataVisibility":{"Private":false,"Hidden":false},"Configuration":{"QuestionDescriptionOption":"UseText","MinSeconds":120,"MaxSeconds":200,"ShowTimer":true,"InputWidth":680,"InputHeight":106,"Seconds":120},"QuestionDescription":"Timing","Choices":{"1":{"Display":"First Click"},"2":{"Display":"Last Click"},"3":{"Display":"Page Submit"},"4":{"Display":"Click Count"}},"GradingData":[],"Language":[],"NextChoiceId":328,"NextAnswerId":1,"QuestionID":"QID61"}},{"SurveyID":"SV_3gZoG1V8heIvNPw","Element":"SQ","PrimaryAttribute":"QID62","SecondaryAttribute":"ONLINE CONSENT TO PARTICIPATE In this study, we will ask you to respond to a open-ended question....","TertiaryAttribute":null,"Payload":{"QuestionText":"ONLINE CONSENT TO PARTICIPATE <br><br>In this study, we will ask you to respond to a open-ended question. You must be over 18 years of age to participate. The following information is important for your informed consent. <br><br>The project is titled \u201cPsychological Effects of Environmental Stimuli\u201d (Protocol Number: AAAT1225) and is being run by Professor Melanie Brucks at Columbia University.The study is run to understand how behavior, such as what you purchase or how happy you feel, is a effected by various interactions in your environment. <br><br>You were invited to participate in this study because you participated in a previous four-wave study (IRB-AAAV5832) which asked you questions about your personality and preferences. The present study is a \"substudy\" in a \"mega-study.\" The purpose of this mega-study is to test the validity of using large language models to predict people's future answers based on their answers to past surveys. People colloquially refer to this prediction task as creating a \"digital twin\" of the participant. The mega-study consists of 15-20 substudies. The new data from each substudy will be provided to the investigators of AAAV5832, to complement the data available for each participant and improve the accuracy of their \"digital twin.\"<br><br>Please note that there is no potential risk involved, but also the survey will provide no benefit to you in participating other than the compensation for your time.  Please make sure you read and understand the questions carefully before answering. There are no right or wrong answers, so feel free to report your answers openly and truthfully. Participation is completely voluntary and you are free to choose whether to withdraw from the study at any time without penalty or consequences of any kind. <br><br>All information that you provide will be treated confidentially and all questions are anonymous. Furthermore, we will keep the data in a passwordlocked local device of the researcher for security. CU Human Research Protection Office and the federal Office of Human Research Protections may obtain access to the data collected for this study. <br><br>The study will take approximately 3 minutes to complete. You will receive instructions and a code at the end of the survey to redeem your credits. <br><br>If you have any questions about this study, you can contact mb4598@gsb.columbia.edu. Please write down this contact information or print this consent document before proceeding to the study so that you can contact the researcher should any questions or concerns arise during your participation in the study.  Moreover, if at any time you have specific questions or concerns about your rights or welfare as a study participant, contact the Columbia University Morningside Human Research Protection Office (HRPO) at 212-305-5883 or email askirb@columbia.edu <br><br>By clicking \u201cI agree\u201d below, you acknowledge that you understand the procedures described above, that you are at least 18 years old, and you agree to participate in this study.  Thank you for your participation.&nbsp;","DefaultChoices":false,"DataExportTag":"Q62","QuestionID":"QID62","QuestionType":"MC","Selector":"SAVR","SubSelector":"TX","DataVisibility":{"Private":false,"Hidden":false},"Configuration":{"QuestionDescriptionOption":"UseText"},"QuestionDescription":"ONLINE CONSENT TO PARTICIPATE In this study, we will ask you to respond to a open-ended question....","Choices":{"4":{"Display":"I agree"},"5":{"Display":"I do not agree"}},"ChoiceOrder":["4","5"],"Validation":{"Settings":{"ForceResponse":"ON","ForceResponseType":"ON","Type":"None"}},"GradingData":[],"Language":[],"NextChoiceId":4,"NextAnswerId":1}},{"SurveyID":"SV_3gZoG1V8heIvNPw","Element":"SQ","PrimaryAttribute":"QID7","SecondaryAttribute":"Click to write the question text","TertiaryAttribute":null,"Payload":{"QuestionText":"Click to write the question text","DefaultChoices":false,"DataExportTag":"Q7","QuestionID":"QID7","QuestionType":"DB","Selector":"TB","DataVisibility":{"Private":false,"Hidden":false},"Configuration":{"QuestionDescriptionOption":"UseText"},"QuestionDescription":"Click to write the question text","ChoiceOrder":[],"Validation":{"Settings":{"Type":"None"}},"GradingData":[],"Language":[],"NextChoiceId":4,"NextAnswerId":1}},{"SurveyID":"SV_3gZoG1V8heIvNPw","Element":"SQ","PrimaryAttribute":"QID8","SecondaryAttribute":"Imagine you\u2019re working on a team project with a tight deadline. One of your teammates hasn\u2019t del","TertiaryAttribute":null,"Payload":{"QuestionText":"Imagine you\u2019re working on a team project with a tight deadline. One of your teammates hasn\u2019t delivered their part on time.","DefaultChoices":false,"DataExportTag":"Q8","QuestionType":"DB","Selector":"TB","DataVisibility":{"Private":false,"Hidden":false},"Configuration":{"QuestionDescriptionOption":"UseText"},"QuestionDescription":"Imagine you\u2019re working on a team project with a tight deadline. One of your teammates hasn\u2019t deli...","ChoiceOrder":[],"Validation":{"Settings":{"Type":"None"}},"GradingData":[],"Language":[],"NextChoiceId":4,"NextAnswerId":1,"QuestionID":"QID8"}},{"SurveyID":"SV_3gZoG1V8heIvNPw","Element":"SQ","PrimaryAttribute":"QID9","SecondaryAttribute":"Imagine you\u2019re working on a team project.","TertiaryAttribute":null,"Payload":{"QuestionText":"Imagine you\u2019re working on a team project.","DefaultChoices":false,"DataExportTag":"Q9","QuestionType":"DB","Selector":"TB","DataVisibility":{"Private":false,"Hidden":false},"Configuration":{"QuestionDescriptionOption":"UseText"},"QuestionDescription":"Imagine you\u2019re working on a team project.","ChoiceOrder":[],"Validation":{"Settings":{"Type":"None"}},"GradingData":[],"Language":[],"NextChoiceId":4,"NextAnswerId":1,"QuestionID":"QID9"}},{"SurveyID":"SV_3gZoG1V8heIvNPw","Element":"STAT","PrimaryAttribute":"Survey Statistics","SecondaryAttribute":null,"TertiaryAttribute":null,"Payload":{"MobileCompatible":true,"ID":"Survey Statistics"}}]}