{"SurveyEntry":{"SurveyID":"SV_6LT4QU0S6tXhE3k","SurveyName":"QI Survey Digital Twin Survey","SurveyDescription":null,"SurveyOwnerID":"UR_8IalBHmOV1JXsI6","SurveyBrandID":"columbia","DivisionID":null,"SurveyLanguage":"EN","SurveyActiveResponseSet":"RS_5iKFoOpfgAi13ym","SurveyStatus":"Inactive","SurveyStartDate":"0000-00-00 00:00:00","SurveyExpirationDate":"0000-00-00 00:00:00","SurveyCreationDate":"2025-04-01 15:20:35","CreatorID":"UR_8IalBHmOV1JXsI6","LastModified":"2025-06-20 08:15:50","LastAccessed":"0000-00-00 00:00:00","LastActivated":"2025-04-01 16:18:08","Deleted":null},"SurveyElements":[{"SurveyID":"SV_6LT4QU0S6tXhE3k","Element":"BL","PrimaryAttribute":"Survey Blocks","SecondaryAttribute":null,"TertiaryAttribute":null,"Payload":[{"Type":"Default","Description":"QI Questions","ID":"BL_6KVUvjQz2TroBMy","BlockElements":[{"Type":"Question","QuestionID":"QID21"},{"Type":"Page Break"},{"Type":"Question","QuestionID":"QID1"},{"Type":"Question","QuestionID":"QID34"},{"Type":"Page Break"},{"Type":"Question","QuestionID":"QID23"},{"Type":"Question","QuestionID":"QID22"},{"Type":"Page Break"},{"Type":"Question","QuestionID":"QID25"},{"Type":"Page Break"},{"Type":"Question","QuestionID":"QID35"},{"Type":"Question","QuestionID":"QID36"}],"Options":{"BlockLocking":"false","RandomizeQuestions":"false","BlockVisibility":"Expanded"}},{"Type":"Trash","Description":"Trash \/ Unused Questions","ID":"BL_cSDfp62zrgKtrbo","BlockElements":[{"Type":"Question","QuestionID":"QID28"},{"Type":"Question","QuestionID":"QID27"},{"Type":"Question","QuestionID":"QID29"},{"Type":"Question","QuestionID":"QID9"},{"Type":"Question","QuestionID":"QID12"},{"Type":"Question","QuestionID":"QID14"},{"Type":"Question","QuestionID":"QID15"},{"Type":"Question","QuestionID":"QID7"},{"Type":"Question","QuestionID":"QID2"},{"Type":"Question","QuestionID":"QID16"},{"Type":"Question","QuestionID":"QID6"},{"Type":"Question","QuestionID":"QID18"},{"Type":"Question","QuestionID":"QID19"},{"Type":"Question","QuestionID":"QID20"},{"Type":"Question","QuestionID":"QID24"},{"Type":"Question","QuestionID":"QID17"},{"Type":"Question","QuestionID":"QID11"},{"Type":"Question","QuestionID":"QID13"},{"Type":"Question","QuestionID":"QID10"},{"Type":"Question","QuestionID":"QID32"},{"Type":"Question","QuestionID":"QID33"},{"Type":"Question","QuestionID":"QID26"}]},{"Type":"Standard","SubType":"","Description":"Informed Consent","ID":"BL_cvxM7Zj1b9ujeEC","BlockElements":[{"Type":"Question","QuestionID":"QID8"}],"Options":{"BlockLocking":"false","RandomizeQuestions":"false","BlockVisibility":"Expanded"}},{"Type":"Standard","SubType":"","Description":"Participant Details","ID":"BL_dbTFehsB99KGMey","BlockElements":[{"Type":"Question","QuestionID":"QID5"}]},{"Type":"Standard","SubType":"","Description":"Block 3","ID":"BL_eaFEsSJjXyIPtsi","BlockElements":[{"Type":"Question","QuestionID":"QID31"},{"Type":"Question","QuestionID":"QID30"}]}]},{"SurveyID":"SV_6LT4QU0S6tXhE3k","Element":"FL","PrimaryAttribute":"Survey Flow","SecondaryAttribute":null,"TertiaryAttribute":null,"Payload":{"Type":"Root","FlowID":"FL_1","Flow":[{"Type":"EmbeddedData","FlowID":"FL_11","EmbeddedData":[{"Description":"PROLIFIC_PID","Type":"Recipient","Field":"PROLIFIC_PID","VariableType":"String","DataVisibility":[],"AnalyzeText":false},{"Description":"STUDY_ID","Type":"Recipient","Field":"STUDY_ID","VariableType":"String","DataVisibility":[],"AnalyzeText":false},{"Description":"SESSION_ID","Type":"Recipient","Field":"SESSION_ID","VariableType":"String","DataVisibility":[],"AnalyzeText":false}]},{"Type":"Standard","ID":"BL_cvxM7Zj1b9ujeEC","FlowID":"FL_5","Autofill":[]},{"Type":"Branch","FlowID":"FL_13","Description":"New Branch","BranchLogic":{"0":{"0":{"LogicType":"Question","QuestionID":"QID8","QuestionIsInLoop":"no","ChoiceLocator":"q:\/\/QID8\/SelectableChoice\/2","Operator":"Selected","QuestionIDFromLocator":"QID8","LeftOperand":"q:\/\/QID8\/SelectableChoice\/2","Type":"Expression","Description":"<span class=\"ConjDesc\">If<\/span> <span class=\"QuestionDesc\">Ever wonder why you spend 15 minutes deciding what to watch on Netflix or why seasoned teams at work struggle to make tough calls? This brief 15-minute survey will help you understand and gain insi...<\/span> <span class=\"LeftOpDesc\">I do not consent<\/span> <span class=\"OpDesc\">Is Selected<\/span> "},"Type":"If"},"Type":"BooleanExpression"},"Flow":[{"Type":"EndSurvey","FlowID":"FL_14","EndingType":"Advanced","Options":{"Advanced":"true","SurveyTermination":"Redirect","EOSRedirectURL":"https:\/\/app.prolific.com\/submissions\/complete?cc=CQWBEZJH"}}]},{"Type":"Standard","ID":"BL_dbTFehsB99KGMey","FlowID":"FL_6","Autofill":[]},{"Type":"Block","ID":"BL_6KVUvjQz2TroBMy","FlowID":"FL_2","Autofill":[]},{"Type":"Standard","ID":"BL_eaFEsSJjXyIPtsi","FlowID":"FL_10","Autofill":[]},{"Type":"EndSurvey","FlowID":"FL_8","EndingType":"Advanced","Options":{"Advanced":"true","SurveyTermination":"Redirect","EOSMessageLibrary":"UR_8IalBHmOV1JXsI6","EOSMessage":"MS_8cUE8nT5HI3s51k","EOSRedirectURL":"https:\/\/app.prolific.com\/submissions\/complete?cc=C10NSMVM"}}],"Properties":{"Count":14}}},{"SurveyID":"SV_6LT4QU0S6tXhE3k","Element":"PL","PrimaryAttribute":"Preview Link","SecondaryAttribute":null,"TertiaryAttribute":null,"Payload":{"PreviewType":"Brand","PreviewID":"2233a9f4-9aeb-4cf4-b148-cbfa3993b2dc"}},{"SurveyID":"SV_6LT4QU0S6tXhE3k","Element":"PROJ","PrimaryAttribute":"CORE","SecondaryAttribute":null,"TertiaryAttribute":"1.1.0","Payload":{"ProjectCategory":"CORE","SchemaVersion":"1.1.0"}},{"SurveyID":"SV_6LT4QU0S6tXhE3k","Element":"QC","PrimaryAttribute":"Survey Question Count","SecondaryAttribute":"36","TertiaryAttribute":null,"Payload":null},{"SurveyID":"SV_6LT4QU0S6tXhE3k","Element":"RS","PrimaryAttribute":"RS_5iKFoOpfgAi13ym","SecondaryAttribute":null,"TertiaryAttribute":null,"Payload":null},{"SurveyID":"SV_6LT4QU0S6tXhE3k","Element":"SCO","PrimaryAttribute":"Scoring","SecondaryAttribute":null,"TertiaryAttribute":null,"Payload":{"ScoringCategories":[{"ID":"SC_9B899jEEz66h0rA","Name":"Score","Description":""}],"ScoringCategoryGroups":[],"DefaultScoringCategory":"SC_9B899jEEz66h0rA","ScoringSummaryCategory":null,"ScoringSummaryAfterQuestions":0,"ScoringSummaryAfterSurvey":0,"AutoScoringCategory":null}},{"SurveyID":"SV_6LT4QU0S6tXhE3k","Element":"SO","PrimaryAttribute":"Survey Options","SecondaryAttribute":null,"TertiaryAttribute":null,"Payload":{"BackButton":"false","SaveAndContinue":"true","SurveyProtection":"PublicSurvey","BallotBoxStuffingPrevention":"false","NoIndex":"Yes","SecureResponseFiles":"true","SurveyExpiration":"None","SurveyTermination":"Redirect","Header":"","Footer":"","ProgressBarDisplay":"NoText","PartialData":"+1 week","ValidationMessage":null,"PreviousButton":" \u2190 ","NextButton":" \u2192 ","SurveyTitle":"Qualtrics Survey | Qualtrics Experience Management","SkinLibrary":"columbia","SkinType":"templated","Skin":{"brandingId":"7753963682","templateId":"*base","overrides":{"questionText":{"size":"22px"},"font":{"family":"arial, helvetica, sans-serif"}}},"NewScoring":1,"SurveyMetaDescription":"The most powerful, simple and trusted way to gather experience data. Start your journey to experience management and try a free account today.","ProtectSelectionIds":true,"SurveyName":"QI Survey Digital Twin Survey","EOSMessage":null,"ShowExportTags":"false","CollectGeoLocation":"false","PasswordProtection":"No","AnonymizeResponse":"No","RefererCheck":"No","BallotBoxStuffingPreventionBehavior":null,"BallotBoxStuffingPreventionMessage":null,"BallotBoxStuffingPreventionMessageLibrary":null,"BallotBoxStuffingPreventionURL":null,"RecaptchaV3":"false","ConfirmStart":false,"AutoConfirmStart":false,"RelevantID":"false","RelevantIDLockoutPeriod":"+30 days","UseCustomSurveyLinkCompletedMessage":null,"SurveyLinkCompletedMessage":null,"SurveyLinkCompletedMessageLibrary":null,"ResponseSummary":"No","EOSMessageLibrary":null,"EOSRedirectURL":"https:\/\/app.prolific.com\/submissions\/complete?cc=C10NSMVM","EmailThankYou":"false","ThankYouEmailMessageLibrary":null,"ThankYouEmailMessage":null,"ValidateMessage":"false","ValidationMessageLibrary":null,"InactiveSurvey":null,"PartialDeletion":null,"PartialDataCloseAfter":"LastActivity","InactiveMessageLibrary":null,"InactiveMessage":null,"AvailableLanguages":{"EN":[]}}},{"SurveyID":"SV_6LT4QU0S6tXhE3k","Element":"SQ","PrimaryAttribute":"QID1","SecondaryAttribute":" ","TertiaryAttribute":null,"Payload":{"QuestionText":"&nbsp;","DefaultChoices":false,"DataExportTag":"Q1","QuestionID":"QID1","QuestionType":"Matrix","Selector":"Likert","SubSelector":"SingleAnswer","DataVisibility":{"Private":false,"Hidden":false},"Configuration":{"QuestionDescriptionOption":"UseText","TextPosition":"inline","Autoscale":{"XScale":{"Name":"agreeDisagree","Type":"likert","Reverse":true}},"ChoiceColumnWidth":25,"RepeatHeaders":"middle","MobileFirst":true,"WhiteSpace":"OFF"},"QuestionDescription":" ","Choices":{"1":{"Display":"I notice when things feel off, even without clear evidence"},"99":{"Display":"Others view me as someone who is future-focused"},"100":{"Display":"More time should be spent defining the problem than analyzing the data"},"101":{"Display":"I often think about the decision to be made before conducting analysis"},"102":{"Display":"I often disregard my inner voice when making decisions"},"103":{"Display":"I structure my communication around the recommendation, not the data"},"104":{"Display":"I often think about how things feel overall, rather than analyzing each part"},"105":{"Display":"I find that my intial intuition is often correct"},"106":{"Display":"I consider my intuition an important input when making decisions"},"107":{"Display":"I often make connections between unrelated topics"},"108":{"Display":"I find it challenging to make decisions under tight time constraints"},"109":{"Display":"I am open to exploring unconventional solutions"},"110":{"Display":"I am comfortable figuring things out as I go"},"111":{"Display":"I often challenge the status quo"},"112":{"Display":"I find abstract concepts more engaging than concrete facts"},"113":{"Display":"I am considered as someone who challenges the status quo"},"114":{"Display":"I use trial and error as a valuable part of the learning process"},"115":{"Display":"People see me as someone who ask thought-provoking questions"},"116":{"Display":"My colleagues view me as someone who sees the big picture"}},"ChoiceOrder":[1,"99","100","101","102","103","104","105","106","107","108","109","110","111","112","113","114","115","116"],"Randomization":{"Advanced":null,"ConsistentScaleReversal":true,"EvenPresentation":false,"TotalRandSubset":"","Type":"All"},"Validation":{"Settings":{"ForceResponse":"ON","ForceResponseType":"ON","Type":"None"}},"GradingData":[{"AnswerID":"11","ChoiceID":"102","Grades":{"SC_9B899jEEz66h0rA":"5"},"index":0},{"AnswerID":"12","ChoiceID":"102","Grades":{"SC_9B899jEEz66h0rA":"4"},"index":1},{"AnswerID":"13","ChoiceID":"102","Grades":{"SC_9B899jEEz66h0rA":"3"},"index":2},{"AnswerID":"14","ChoiceID":"102","Grades":{"SC_9B899jEEz66h0rA":"2"},"index":3},{"AnswerID":"15","ChoiceID":"102","Grades":{"SC_9B899jEEz66h0rA":"1"},"index":4},{"AnswerID":"11","ChoiceID":"108","Grades":{"SC_9B899jEEz66h0rA":"5"},"index":5},{"AnswerID":"12","ChoiceID":"108","Grades":{"SC_9B899jEEz66h0rA":"4"},"index":6},{"AnswerID":"13","ChoiceID":"108","Grades":{"SC_9B899jEEz66h0rA":"3"},"index":7},{"AnswerID":"14","ChoiceID":"108","Grades":{"SC_9B899jEEz66h0rA":"2"},"index":8},{"AnswerID":"15","ChoiceID":"108","Grades":{"SC_9B899jEEz66h0rA":"1"},"index":9},{"AnswerID":"11","ChoiceID":"1","Grades":{"SC_9B899jEEz66h0rA":"1"},"index":10},{"AnswerID":"11","ChoiceID":"99","Grades":{"SC_9B899jEEz66h0rA":"1"},"index":11},{"AnswerID":"11","ChoiceID":"100","Grades":{"SC_9B899jEEz66h0rA":"1"},"index":12},{"AnswerID":"11","ChoiceID":"101","Grades":{"SC_9B899jEEz66h0rA":"1"},"index":13},{"AnswerID":"11","ChoiceID":"103","Grades":{"SC_9B899jEEz66h0rA":"1"},"index":14},{"AnswerID":"11","ChoiceID":"104","Grades":{"SC_9B899jEEz66h0rA":"1"},"index":15},{"AnswerID":"11","ChoiceID":"105","Grades":{"SC_9B899jEEz66h0rA":"1"},"index":16},{"AnswerID":"11","ChoiceID":"106","Grades":{"SC_9B899jEEz66h0rA":"1"},"index":17},{"AnswerID":"11","ChoiceID":"107","Grades":{"SC_9B899jEEz66h0rA":"1"},"index":18},{"AnswerID":"11","ChoiceID":"109","Grades":{"SC_9B899jEEz66h0rA":"1"},"index":19},{"AnswerID":"11","ChoiceID":"110","Grades":{"SC_9B899jEEz66h0rA":"1"},"index":20},{"AnswerID":"11","ChoiceID":"111","Grades":{"SC_9B899jEEz66h0rA":"1"},"index":21},{"AnswerID":"11","ChoiceID":"112","Grades":{"SC_9B899jEEz66h0rA":"1"},"index":22},{"AnswerID":"11","ChoiceID":"113","Grades":{"SC_9B899jEEz66h0rA":"1"},"index":23},{"AnswerID":"11","ChoiceID":"114","Grades":{"SC_9B899jEEz66h0rA":"1"},"index":24},{"AnswerID":"11","ChoiceID":"115","Grades":{"SC_9B899jEEz66h0rA":"1"},"index":25},{"AnswerID":"11","ChoiceID":"116","Grades":{"SC_9B899jEEz66h0rA":"1"},"index":26},{"AnswerID":"12","ChoiceID":"1","Grades":{"SC_9B899jEEz66h0rA":"2"},"index":27},{"AnswerID":"12","ChoiceID":"99","Grades":{"SC_9B899jEEz66h0rA":"2"},"index":28},{"AnswerID":"12","ChoiceID":"100","Grades":{"SC_9B899jEEz66h0rA":"2"},"index":29},{"AnswerID":"12","ChoiceID":"101","Grades":{"SC_9B899jEEz66h0rA":"2"},"index":30},{"AnswerID":"12","ChoiceID":"103","Grades":{"SC_9B899jEEz66h0rA":"2"},"index":31},{"AnswerID":"12","ChoiceID":"104","Grades":{"SC_9B899jEEz66h0rA":"2"},"index":32},{"AnswerID":"12","ChoiceID":"105","Grades":{"SC_9B899jEEz66h0rA":"2"},"index":33},{"AnswerID":"12","ChoiceID":"106","Grades":{"SC_9B899jEEz66h0rA":"2"},"index":34},{"AnswerID":"12","ChoiceID":"107","Grades":{"SC_9B899jEEz66h0rA":"2"},"index":35},{"AnswerID":"12","ChoiceID":"109","Grades":{"SC_9B899jEEz66h0rA":"2"},"index":36},{"AnswerID":"12","ChoiceID":"110","Grades":{"SC_9B899jEEz66h0rA":"2"},"index":37},{"AnswerID":"12","ChoiceID":"111","Grades":{"SC_9B899jEEz66h0rA":"2"},"index":38},{"AnswerID":"12","ChoiceID":"112","Grades":{"SC_9B899jEEz66h0rA":"2"},"index":39},{"AnswerID":"12","ChoiceID":"113","Grades":{"SC_9B899jEEz66h0rA":"2"},"index":40},{"AnswerID":"12","ChoiceID":"114","Grades":{"SC_9B899jEEz66h0rA":"2"},"index":41},{"AnswerID":"12","ChoiceID":"115","Grades":{"SC_9B899jEEz66h0rA":"2"},"index":42},{"AnswerID":"12","ChoiceID":"116","Grades":{"SC_9B899jEEz66h0rA":"2"},"index":43},{"AnswerID":"13","ChoiceID":"1","Grades":{"SC_9B899jEEz66h0rA":"3"},"index":44},{"AnswerID":"13","ChoiceID":"99","Grades":{"SC_9B899jEEz66h0rA":"3"},"index":45},{"AnswerID":"13","ChoiceID":"100","Grades":{"SC_9B899jEEz66h0rA":"3"},"index":46},{"AnswerID":"13","ChoiceID":"101","Grades":{"SC_9B899jEEz66h0rA":"3"},"index":47},{"AnswerID":"13","ChoiceID":"103","Grades":{"SC_9B899jEEz66h0rA":"3"},"index":48},{"AnswerID":"13","ChoiceID":"104","Grades":{"SC_9B899jEEz66h0rA":"3"},"index":49},{"AnswerID":"13","ChoiceID":"105","Grades":{"SC_9B899jEEz66h0rA":"3"},"index":50},{"AnswerID":"13","ChoiceID":"106","Grades":{"SC_9B899jEEz66h0rA":"3"},"index":51},{"AnswerID":"13","ChoiceID":"107","Grades":{"SC_9B899jEEz66h0rA":"3"},"index":52},{"AnswerID":"13","ChoiceID":"109","Grades":{"SC_9B899jEEz66h0rA":"3"},"index":53},{"AnswerID":"13","ChoiceID":"110","Grades":{"SC_9B899jEEz66h0rA":"3"},"index":54},{"AnswerID":"13","ChoiceID":"111","Grades":{"SC_9B899jEEz66h0rA":"3"},"index":55},{"AnswerID":"13","ChoiceID":"112","Grades":{"SC_9B899jEEz66h0rA":"3"},"index":56},{"AnswerID":"13","ChoiceID":"113","Grades":{"SC_9B899jEEz66h0rA":"3"},"index":57},{"AnswerID":"13","ChoiceID":"114","Grades":{"SC_9B899jEEz66h0rA":"3"},"index":58},{"AnswerID":"13","ChoiceID":"115","Grades":{"SC_9B899jEEz66h0rA":"3"},"index":59},{"AnswerID":"13","ChoiceID":"116","Grades":{"SC_9B899jEEz66h0rA":"3"},"index":60},{"AnswerID":"14","ChoiceID":"1","Grades":{"SC_9B899jEEz66h0rA":"4"},"index":61},{"AnswerID":"14","ChoiceID":"99","Grades":{"SC_9B899jEEz66h0rA":"4"},"index":62},{"AnswerID":"14","ChoiceID":"100","Grades":{"SC_9B899jEEz66h0rA":"4"},"index":63},{"AnswerID":"14","ChoiceID":"101","Grades":{"SC_9B899jEEz66h0rA":"4"},"index":64},{"AnswerID":"14","ChoiceID":"103","Grades":{"SC_9B899jEEz66h0rA":"4"},"index":65},{"AnswerID":"14","ChoiceID":"104","Grades":{"SC_9B899jEEz66h0rA":"4"},"index":66},{"AnswerID":"14","ChoiceID":"105","Grades":{"SC_9B899jEEz66h0rA":"4"},"index":67},{"AnswerID":"14","ChoiceID":"106","Grades":{"SC_9B899jEEz66h0rA":"4"},"index":68},{"AnswerID":"14","ChoiceID":"107","Grades":{"SC_9B899jEEz66h0rA":"4"},"index":69},{"AnswerID":"14","ChoiceID":"109","Grades":{"SC_9B899jEEz66h0rA":"4"},"index":70},{"AnswerID":"14","ChoiceID":"110","Grades":{"SC_9B899jEEz66h0rA":"4"},"index":71},{"AnswerID":"14","ChoiceID":"111","Grades":{"SC_9B899jEEz66h0rA":"4"},"index":72},{"AnswerID":"14","ChoiceID":"112","Grades":{"SC_9B899jEEz66h0rA":"4"},"index":73},{"AnswerID":"14","ChoiceID":"113","Grades":{"SC_9B899jEEz66h0rA":"4"},"index":74},{"AnswerID":"14","ChoiceID":"114","Grades":{"SC_9B899jEEz66h0rA":"4"},"index":75},{"AnswerID":"14","ChoiceID":"115","Grades":{"SC_9B899jEEz66h0rA":"4"},"index":76},{"AnswerID":"14","ChoiceID":"116","Grades":{"SC_9B899jEEz66h0rA":"4"},"index":77},{"AnswerID":"15","ChoiceID":"1","Grades":{"SC_9B899jEEz66h0rA":"5"},"index":78},{"AnswerID":"15","ChoiceID":"99","Grades":{"SC_9B899jEEz66h0rA":"5"},"index":79},{"AnswerID":"15","ChoiceID":"100","Grades":{"SC_9B899jEEz66h0rA":"5"},"index":80},{"AnswerID":"15","ChoiceID":"101","Grades":{"SC_9B899jEEz66h0rA":"5"},"index":81},{"AnswerID":"15","ChoiceID":"103","Grades":{"SC_9B899jEEz66h0rA":"5"},"index":82},{"AnswerID":"15","ChoiceID":"104","Grades":{"SC_9B899jEEz66h0rA":"5"},"index":83},{"AnswerID":"15","ChoiceID":"105","Grades":{"SC_9B899jEEz66h0rA":"5"},"index":84},{"AnswerID":"15","ChoiceID":"106","Grades":{"SC_9B899jEEz66h0rA":"5"},"index":85},{"AnswerID":"15","ChoiceID":"107","Grades":{"SC_9B899jEEz66h0rA":"5"},"index":86},{"AnswerID":"15","ChoiceID":"109","Grades":{"SC_9B899jEEz66h0rA":"5"},"index":87},{"AnswerID":"15","ChoiceID":"110","Grades":{"SC_9B899jEEz66h0rA":"5"},"index":88},{"AnswerID":"15","ChoiceID":"111","Grades":{"SC_9B899jEEz66h0rA":"5"},"index":89},{"AnswerID":"15","ChoiceID":"112","Grades":{"SC_9B899jEEz66h0rA":"5"},"index":90},{"AnswerID":"15","ChoiceID":"113","Grades":{"SC_9B899jEEz66h0rA":"5"},"index":91},{"AnswerID":"15","ChoiceID":"114","Grades":{"SC_9B899jEEz66h0rA":"5"},"index":92},{"AnswerID":"15","ChoiceID":"115","Grades":{"SC_9B899jEEz66h0rA":"5"},"index":93},{"AnswerID":"15","ChoiceID":"116","Grades":{"SC_9B899jEEz66h0rA":"5"},"index":94}],"Language":[],"NextChoiceId":118,"NextAnswerId":16,"Answers":{"11":{"Display":"Strongly disagree"},"12":{"Display":"Somewhat disagree"},"13":{"Display":"Neither agree nor disagree"},"14":{"Display":"Somewhat agree"},"15":{"Display":"Strongly agree"}},"AnswerOrder":["11","12","13","14","15"],"ChoiceDataExportTags":false,"RecodeValues":{"11":"1","12":"2","13":"3","14":"4","15":"5"}}},{"SurveyID":"SV_6LT4QU0S6tXhE3k","Element":"SQ","PrimaryAttribute":"QID10","SecondaryAttribute":"What is your major?","TertiaryAttribute":null,"Payload":{"QuestionText":"What is your major?","DefaultChoices":false,"DataExportTag":"Q8","QuestionType":"TE","Selector":"SL","DataVisibility":{"Private":false,"Hidden":false},"Configuration":{"QuestionDescriptionOption":"UseText"},"QuestionDescription":"What is your major?","Validation":{"Settings":{"ForceResponse":"ON","ForceResponseType":"ON","Type":"None"}},"GradingData":[],"Language":[],"NextChoiceId":4,"NextAnswerId":1,"SearchSource":{"AllowFreeResponse":"false"},"QuestionID":"QID10"}},{"SurveyID":"SV_6LT4QU0S6tXhE3k","Element":"SQ","PrimaryAttribute":"QID11","SecondaryAttribute":"Are you a student at either Columbia University or Barnard College?","TertiaryAttribute":null,"Payload":{"QuestionText":"Are you a&nbsp;student at either Columbia University or Barnard College?","DefaultChoices":false,"DataExportTag":"Q9","QuestionType":"MC","Selector":"SAVR","SubSelector":"TX","DataVisibility":{"Private":false,"Hidden":false},"Configuration":{"QuestionDescriptionOption":"UseText"},"QuestionDescription":"Are you a student at either Columbia University or Barnard College?","Choices":{"1":{"Display":"Yes, a student at Columbia University or Barnard College"},"2":{"Display":"No, a student at another university"},"4":{"Display":"No, not a student"}},"ChoiceOrder":["1","2","4"],"Validation":{"Settings":{"ForceResponse":"ON","ForceResponseType":"ON","Type":"None"}},"GradingData":[],"Language":[],"NextChoiceId":5,"NextAnswerId":1,"QuestionID":"QID11"}},{"SurveyID":"SV_6LT4QU0S6tXhE3k","Element":"SQ","PrimaryAttribute":"QID12","SecondaryAttribute":"What is your gender?","TertiaryAttribute":null,"Payload":{"QuestionText":"What is your gender?","DefaultChoices":false,"DataExportTag":"Q10","QuestionType":"MC","Selector":"SAVR","SubSelector":"TX","DataVisibility":{"Private":false,"Hidden":false},"Configuration":{"QuestionDescriptionOption":"UseText"},"QuestionDescription":"What is your gender?","Choices":{"1":{"Display":"Female"},"2":{"Display":"Male"},"3":{"Display":"Non-binary"},"4":{"Display":"Prefer not to say"}},"ChoiceOrder":["1","2","3","4"],"Validation":{"Settings":{"ForceResponse":"OFF","Type":"None"}},"GradingData":[],"Language":[],"NextChoiceId":5,"NextAnswerId":1,"QuestionID":"QID12"}},{"SurveyID":"SV_6LT4QU0S6tXhE3k","Element":"SQ","PrimaryAttribute":"QID13","SecondaryAttribute":"What is your current academic level?","TertiaryAttribute":null,"Payload":{"QuestionText":"What is your current academic level?","DefaultChoices":false,"DataExportTag":"Q11","QuestionType":"MC","Selector":"SAVR","SubSelector":"TX","DataVisibility":{"Private":false,"Hidden":false},"Configuration":{"QuestionDescriptionOption":"UseText"},"QuestionDescription":"What is your current academic level?","Choices":{"1":{"Display":"Undergraduate student"},"2":{"Display":"Masters student"},"3":{"Display":"Doctoral (PhD) student"},"4":{"Display":"Other (please specify)","TextEntry":"true"}},"ChoiceOrder":["1","2","3","4"],"Validation":{"Settings":{"ForceResponse":"ON","ForceResponseType":"ON","Type":"None"}},"GradingData":[],"Language":[],"NextChoiceId":5,"NextAnswerId":1,"QuestionID":"QID13"}},{"SurveyID":"SV_6LT4QU0S6tXhE3k","Element":"SQ","PrimaryAttribute":"QID14","SecondaryAttribute":"What is your citizenship status?","TertiaryAttribute":null,"Payload":{"QuestionText":"What is your citizenship status?","DefaultChoices":false,"DataExportTag":"Q12","QuestionType":"MC","Selector":"SAVR","SubSelector":"TX","DataVisibility":{"Private":false,"Hidden":false},"Configuration":{"QuestionDescriptionOption":"UseText"},"QuestionDescription":"What is your citizenship status?","Choices":{"1":{"Display":"U.S. Citizen"},"2":{"Display":"International Student"}},"ChoiceOrder":["1","2"],"Validation":{"Settings":{"ForceResponse":"OFF","Type":"None"}},"GradingData":[],"Language":[],"NextChoiceId":4,"NextAnswerId":1,"QuestionID":"QID14"}},{"SurveyID":"SV_6LT4QU0S6tXhE3k","Element":"SQ","PrimaryAttribute":"QID15","SecondaryAttribute":"If you are an international student, please specify your continent of birth","TertiaryAttribute":null,"Payload":{"QuestionText":"If you are an international student, please specify your continent of birth","DefaultChoices":false,"DataExportTag":"Q13","QuestionType":"MC","Selector":"SAVR","SubSelector":"TX","DataVisibility":{"Private":false,"Hidden":false},"Configuration":{"QuestionDescriptionOption":"UseText"},"QuestionDescription":"If you are an international student, please specify your continent of birth","Choices":{"1":{"Display":"Africa"},"4":{"Display":"Asia"},"5":{"Display":"Europe"},"6":{"Display":"North America"},"7":{"Display":"Oceania"},"8":{"Display":"South America"}},"ChoiceOrder":["1","4","5","6","7","8"],"Validation":{"Settings":{"ForceResponse":"OFF","Type":"None"}},"GradingData":[],"Language":[],"NextChoiceId":9,"NextAnswerId":1,"QuestionID":"QID15","DisplayLogic":{"0":{"0":{"LogicType":"Question","QuestionID":"QID14","QuestionIsInLoop":"no","ChoiceLocator":"q:\/\/QID14\/SelectableChoice\/2","Operator":"Selected","QuestionIDFromLocator":"QID14","LeftOperand":"q:\/\/QID14\/SelectableChoice\/2","Type":"Expression","Description":"<span class=\"ConjDesc\">If<\/span> <span class=\"QuestionDesc\">What is your citizenship status?<\/span> <span class=\"LeftOpDesc\">International Student<\/span> <span class=\"OpDesc\">Is Selected<\/span> "},"Type":"If"},"Type":"BooleanExpression","inPage":false}}},{"SurveyID":"SV_6LT4QU0S6tXhE3k","Element":"SQ","PrimaryAttribute":"QID16","SecondaryAttribute":"Which school do you go to? Please select an option from this drop-down","TertiaryAttribute":null,"Payload":{"QuestionText":"Which school do you go to? Please select an option from this drop-down","DefaultChoices":false,"DataExportTag":"Q14","QuestionType":"MC","Selector":"SAVR","SubSelector":"TX","DataVisibility":{"Private":false,"Hidden":false},"Configuration":{"QuestionDescriptionOption":"UseText"},"QuestionDescription":"Which school do you go to? Please select an option from this drop-down","Choices":{"1":{"Display":"Engineering"},"2":{"Display":"GSAS"},"3":{"Display":"Click to write Choice 3"}},"ChoiceOrder":["1","2","3"],"Validation":{"Settings":{"ForceResponse":"OFF","Type":"None"}},"GradingData":[],"Language":[],"NextChoiceId":4,"NextAnswerId":1,"QuestionID":"QID16"}},{"SurveyID":"SV_6LT4QU0S6tXhE3k","Element":"SQ","PrimaryAttribute":"QID17","SecondaryAttribute":"Which school do you go to? Please select one from this drop-down list","TertiaryAttribute":null,"Payload":{"QuestionText":"Which school do you go to? Please select one from this drop-down list","DefaultChoices":false,"DataExportTag":"Q15","QuestionType":"MC","Selector":"DL","DataVisibility":{"Private":false,"Hidden":false},"Configuration":{"QuestionDescriptionOption":"UseText"},"QuestionDescription":"Which school do you go to? Please select one from this drop-down list","Choices":{"1":{"Display":"School of Engineering and Applied Science"},"2":{"Display":"Graduate School of Arts and Sciences"},"3":{"Display":"Columbia Law School"},"4":{"Display":"Columbia Business School"},"5":{"Display":"Columbia College"},"6":{"Display":"School of the Arts"},"8":{"Display":"Barnard College"},"9":{"Display":"Columbia Climate School"},"10":{"Display":"Teacher's College"},"11":{"Display":"Union Theological Seminary"},"12":{"Display":"School of Public Health"},"13":{"Display":"School of Professional Studies"},"14":{"Display":"School of International and Public Affairs"},"15":{"Display":"Graduate School of Architecture, Planning and Preservation"},"16":{"Display":"Columbia Journalism School"},"17":{"Display":"School of Nursing"},"19":{"Display":"School of Social Work"},"21":{"Display":"College of Dental Medicine"},"22":{"Display":"College of Physicians and Surgeons"},"23":{"Display":"Jewish Theological Seminary"},"24":{"Display":"School of General Studies"}},"ChoiceOrder":["5","1","24","2","3","4","6","9","12","13","14","15","16","17","19","8","10","11","23","21","22"],"Validation":{"Settings":{"ForceResponse":"ON","ForceResponseType":"ON","Type":"None"}},"GradingData":[],"Language":[],"NextChoiceId":25,"NextAnswerId":1,"QuestionID":"QID17"}},{"SurveyID":"SV_6LT4QU0S6tXhE3k","Element":"SQ","PrimaryAttribute":"QID18","SecondaryAttribute":"Thank y","TertiaryAttribute":null,"Payload":{"QuestionText":"Thank y","DefaultChoices":false,"DataExportTag":"Q16","QuestionType":"TE","Selector":"SL","DataVisibility":{"Private":false,"Hidden":false},"Configuration":{"QuestionDescriptionOption":"UseText"},"QuestionDescription":"Thank y","Validation":{"Settings":{"ForceResponse":"OFF","Type":"None"}},"GradingData":[],"Language":[],"NextChoiceId":4,"NextAnswerId":1,"SearchSource":{"AllowFreeResponse":"false"},"QuestionID":"QID18"}},{"SurveyID":"SV_6LT4QU0S6tXhE3k","Element":"SQ","PrimaryAttribute":"QID19","SecondaryAttribute":"Click to write the question text","TertiaryAttribute":null,"Payload":{"QuestionText":"Click to write the question text","DefaultChoices":false,"DataExportTag":"Q17","QuestionType":"DB","Selector":"TB","DataVisibility":{"Private":false,"Hidden":false},"Configuration":{"QuestionDescriptionOption":"UseText"},"QuestionDescription":"Click to write the question text","ChoiceOrder":[],"Validation":{"Settings":{"Type":"None"}},"GradingData":[],"Language":[],"NextChoiceId":4,"NextAnswerId":1,"QuestionID":"QID19"}},{"SurveyID":"SV_6LT4QU0S6tXhE3k","Element":"SQ","PrimaryAttribute":"QID2","SecondaryAttribute":"Your Organization","TertiaryAttribute":null,"Payload":{"QuestionText":"Your Organization","DefaultChoices":false,"DataExportTag":"Q2","QuestionType":"Matrix","Selector":"Likert","SubSelector":"SingleAnswer","DataVisibility":{"Private":false,"Hidden":false},"Configuration":{"QuestionDescriptionOption":"UseText","TextPosition":"inline","ChoiceColumnWidth":25,"RepeatHeaders":"middle","WhiteSpace":"OFF","MobileFirst":true,"Autoscale":{"XScale":{"Name":"agreeDisagree","Type":"likert","Reverse":true}}},"QuestionDescription":"Your Organization","Choices":{"1":{"Display":"The culture of my organization is highly fact-based, structured, and linear."},"2":{"Display":"My stakeholders\/colleagues are data-driven or fact-based."},"3":{"Display":"The culture of my organization is based on rigorous analysis."},"4":{"Display":"My organization has systems that allow access to the data necessary to make decisions."},"5":{"Display":"My organization ensures that employees have the tools to utilize data in their decision-making processes."},"6":{"Display":"My organization is agile, making quick decisions even when we do not have much of the data."},"7":{"Display":"The culture of my organization is hierarchical where top leadership views guide decision-making."},"8":{"Display":"Leaders in my organization often know the direction we should go before seeing the evidence. "},"9":{"Display":"My organization's hiring process involves the evaluation of abstract thinking."},"10":{"Display":"Meetings in my organization often lead to a clear decision."}},"ChoiceOrder":[1,2,3,4,5,6,7,8,9,10],"Validation":{"Settings":{"ForceResponse":"ON","ForceResponseType":"ON","Type":"None"}},"GradingData":[],"Language":[],"NextChoiceId":11,"NextAnswerId":6,"Answers":{"1":{"Display":"Strongly disagree"},"2":{"Display":"Somewhat disagree"},"3":{"Display":"Neither agree nor disagree"},"4":{"Display":"Somewhat agree"},"5":{"Display":"Strongly agree"}},"AnswerOrder":[1,2,3,4,5],"ChoiceDataExportTags":false,"QuestionID":"QID2","Randomization":{"Advanced":{"FixedOrder":["{~Randomized~}","{~Randomized~}","{~Randomized~}","{~Randomized~}","{~Randomized~}","{~Randomized~}","{~Randomized~}","{~Randomized~}","{~Randomized~}","{~Randomized~}"],"RandomSubSet":[],"RandomizeAll":["1","2","3","4","5","6","7","8","9","10"],"ScaleReversal":[],"TotalRandSubset":0,"Undisplayed":[]},"ConsistentScaleReversal":false,"EvenPresentation":false,"TotalRandSubset":"","Type":"Advanced"}}},{"SurveyID":"SV_6LT4QU0S6tXhE3k","Element":"SQ","PrimaryAttribute":"QID20","SecondaryAttribute":"Click to write the question text","TertiaryAttribute":null,"Payload":{"QuestionText":"Click to write the question text","DefaultChoices":false,"DataExportTag":"Q18","QuestionType":"MC","Selector":"SAVR","SubSelector":"TX","DataVisibility":{"Private":false,"Hidden":false},"Configuration":{"QuestionDescriptionOption":"UseText"},"QuestionDescription":"Click to write the question text","Choices":{"1":{"Display":"Click to write Choice 1"},"2":{"Display":"Click to write Choice 2"},"3":{"Display":"Click to write Choice 3"}},"ChoiceOrder":["1","2","3"],"Validation":{"Settings":{"ForceResponse":"OFF","Type":"None"}},"GradingData":[],"Language":[],"NextChoiceId":4,"NextAnswerId":1,"QuestionID":"QID20"}},{"SurveyID":"SV_6LT4QU0S6tXhE3k","Element":"SQ","PrimaryAttribute":"QID21","SecondaryAttribute":"Please read the following statements and indicate the extent to which you agree or disagree.","TertiaryAttribute":null,"Payload":{"QuestionText":"Please read the following statements and indicate the extent to which you agree or disagree.","DefaultChoices":false,"DataExportTag":"Q20","QuestionType":"Matrix","Selector":"Likert","SubSelector":"SingleAnswer","DataVisibility":{"Private":false,"Hidden":false},"Configuration":{"QuestionDescriptionOption":"UseText","TextPosition":"inline","Autoscale":{"XScale":{"Name":"agreeDisagree","Type":"likert","Reverse":true}},"ChoiceColumnWidth":25,"MobileFirst":true,"RepeatHeaders":"middle","WhiteSpace":"OFF"},"QuestionDescription":"Please read the following statements and indicate the extent to which you agree or disagree.","Choices":{"1":{"Display":"I have a reputation for having an analytical mindset"},"117":{"Display":"Data-driven insights often lead to better decisions"},"118":{"Display":"I effectively communicate complex data in a way that is easy for others to understand"},"119":{"Display":"I am confident in my ability to spot problems in data"},"120":{"Display":"My colleagues consider me attentive to details when I work with data"},"121":{"Display":"I prefer step-by-step plans over improvisation"},"122":{"Display":"I hold off on decisions until I feel fully informed"},"123":{"Display":"I often verify the credibility of data sources"},"124":{"Display":"I am skilled at translating data to effective visulization"},"125":{"Display":"I like to roll around in data"},"126":{"Display":"I am good at making back-of-the-envelope calculations"},"127":{"Display":"I don't feel comfortable working with numbers"},"128":{"Display":"When presented with supporting data, I actively challenge the status quo"},"129":{"Display":"I prioritize data over opinions"},"130":{"Display":"I take a logical approach to problem-solving"},"131":{"Display":"I wait for strong statistical evidence before rethinking my point of view"},"132":{"Display":"I strive for precision in everything I do"},"133":{"Display":"I struggle to identify patterns in data"},"134":{"Display":"Before making a decision, I typically consult multiple sources of information"},"135":{"Display":"Please select \u201csomewhat disagree\u201d here"}},"ChoiceOrder":[1,"117","118","119","120","121","122","123","135","124","125","126","127","128","129","130","131","132","133","134"],"Randomization":{"Advanced":null,"ConsistentScaleReversal":false,"EvenPresentation":false,"TotalRandSubset":"","Type":"All"},"Validation":{"Settings":{"ForceResponse":"ON","ForceResponseType":"ON","Type":"None"}},"GradingData":[{"AnswerID":"1","ChoiceID":"133","Grades":{"SC_9B899jEEz66h0rA":"5"},"index":0},{"AnswerID":"2","ChoiceID":"133","Grades":{"SC_9B899jEEz66h0rA":"4"},"index":1},{"AnswerID":"3","ChoiceID":"133","Grades":{"SC_9B899jEEz66h0rA":"3"},"index":2},{"AnswerID":"4","ChoiceID":"133","Grades":{"SC_9B899jEEz66h0rA":"2"},"index":3},{"AnswerID":"5","ChoiceID":"133","Grades":{"SC_9B899jEEz66h0rA":"1"},"index":4},{"AnswerID":"1","ChoiceID":"127","Grades":{"SC_9B899jEEz66h0rA":"5"},"index":5},{"AnswerID":"2","ChoiceID":"127","Grades":{"SC_9B899jEEz66h0rA":"4"},"index":6},{"AnswerID":"3","ChoiceID":"127","Grades":{"SC_9B899jEEz66h0rA":"3"},"index":7},{"AnswerID":"4","ChoiceID":"127","Grades":{"SC_9B899jEEz66h0rA":"2"},"index":8},{"AnswerID":"5","ChoiceID":"127","Grades":{"SC_9B899jEEz66h0rA":"1"},"index":9},{"AnswerID":"1","ChoiceID":"1","Grades":{"SC_9B899jEEz66h0rA":"1"},"index":10},{"AnswerID":"1","ChoiceID":"117","Grades":{"SC_9B899jEEz66h0rA":"1"},"index":11},{"AnswerID":"1","ChoiceID":"118","Grades":{"SC_9B899jEEz66h0rA":"1"},"index":12},{"AnswerID":"1","ChoiceID":"119","Grades":{"SC_9B899jEEz66h0rA":"1"},"index":13},{"AnswerID":"1","ChoiceID":"120","Grades":{"SC_9B899jEEz66h0rA":"1"},"index":14},{"AnswerID":"1","ChoiceID":"121","Grades":{"SC_9B899jEEz66h0rA":"1"},"index":15},{"AnswerID":"1","ChoiceID":"122","Grades":{"SC_9B899jEEz66h0rA":"1"},"index":16},{"AnswerID":"1","ChoiceID":"123","Grades":{"SC_9B899jEEz66h0rA":"1"},"index":17},{"AnswerID":"1","ChoiceID":"135","Grades":{"SC_9B899jEEz66h0rA":"1"},"index":18},{"AnswerID":"1","ChoiceID":"124","Grades":{"SC_9B899jEEz66h0rA":"1"},"index":19},{"AnswerID":"1","ChoiceID":"125","Grades":{"SC_9B899jEEz66h0rA":"1"},"index":20},{"AnswerID":"1","ChoiceID":"126","Grades":{"SC_9B899jEEz66h0rA":"1"},"index":21},{"AnswerID":"1","ChoiceID":"128","Grades":{"SC_9B899jEEz66h0rA":"1"},"index":22},{"AnswerID":"1","ChoiceID":"129","Grades":{"SC_9B899jEEz66h0rA":"1"},"index":23},{"AnswerID":"1","ChoiceID":"130","Grades":{"SC_9B899jEEz66h0rA":"1"},"index":24},{"AnswerID":"1","ChoiceID":"131","Grades":{"SC_9B899jEEz66h0rA":"1"},"index":25},{"AnswerID":"1","ChoiceID":"132","Grades":{"SC_9B899jEEz66h0rA":"1"},"index":26},{"AnswerID":"1","ChoiceID":"134","Grades":{"SC_9B899jEEz66h0rA":"1"},"index":27},{"AnswerID":"2","ChoiceID":"1","Grades":{"SC_9B899jEEz66h0rA":"2"},"index":28},{"AnswerID":"2","ChoiceID":"117","Grades":{"SC_9B899jEEz66h0rA":"2"},"index":29},{"AnswerID":"2","ChoiceID":"118","Grades":{"SC_9B899jEEz66h0rA":"2"},"index":30},{"AnswerID":"2","ChoiceID":"119","Grades":{"SC_9B899jEEz66h0rA":"2"},"index":31},{"AnswerID":"2","ChoiceID":"120","Grades":{"SC_9B899jEEz66h0rA":"2"},"index":32},{"AnswerID":"2","ChoiceID":"121","Grades":{"SC_9B899jEEz66h0rA":"2"},"index":33},{"AnswerID":"2","ChoiceID":"122","Grades":{"SC_9B899jEEz66h0rA":"2"},"index":34},{"AnswerID":"2","ChoiceID":"123","Grades":{"SC_9B899jEEz66h0rA":"2"},"index":35},{"AnswerID":"2","ChoiceID":"135","Grades":{"SC_9B899jEEz66h0rA":"2"},"index":36},{"AnswerID":"2","ChoiceID":"124","Grades":{"SC_9B899jEEz66h0rA":"2"},"index":37},{"AnswerID":"2","ChoiceID":"125","Grades":{"SC_9B899jEEz66h0rA":"2"},"index":38},{"AnswerID":"2","ChoiceID":"126","Grades":{"SC_9B899jEEz66h0rA":"2"},"index":39},{"AnswerID":"2","ChoiceID":"128","Grades":{"SC_9B899jEEz66h0rA":"2"},"index":40},{"AnswerID":"2","ChoiceID":"129","Grades":{"SC_9B899jEEz66h0rA":"2"},"index":41},{"AnswerID":"2","ChoiceID":"130","Grades":{"SC_9B899jEEz66h0rA":"2"},"index":42},{"AnswerID":"2","ChoiceID":"131","Grades":{"SC_9B899jEEz66h0rA":"2"},"index":43},{"AnswerID":"2","ChoiceID":"132","Grades":{"SC_9B899jEEz66h0rA":"2"},"index":44},{"AnswerID":"2","ChoiceID":"134","Grades":{"SC_9B899jEEz66h0rA":"2"},"index":45},{"AnswerID":"3","ChoiceID":"1","Grades":{"SC_9B899jEEz66h0rA":"3"},"index":46},{"AnswerID":"3","ChoiceID":"117","Grades":{"SC_9B899jEEz66h0rA":"3"},"index":47},{"AnswerID":"3","ChoiceID":"118","Grades":{"SC_9B899jEEz66h0rA":"3"},"index":48},{"AnswerID":"3","ChoiceID":"119","Grades":{"SC_9B899jEEz66h0rA":"3"},"index":49},{"AnswerID":"3","ChoiceID":"120","Grades":{"SC_9B899jEEz66h0rA":"3"},"index":50},{"AnswerID":"3","ChoiceID":"121","Grades":{"SC_9B899jEEz66h0rA":"3"},"index":51},{"AnswerID":"3","ChoiceID":"122","Grades":{"SC_9B899jEEz66h0rA":"3"},"index":52},{"AnswerID":"3","ChoiceID":"123","Grades":{"SC_9B899jEEz66h0rA":"3"},"index":53},{"AnswerID":"3","ChoiceID":"135","Grades":{"SC_9B899jEEz66h0rA":"3"},"index":54},{"AnswerID":"3","ChoiceID":"124","Grades":{"SC_9B899jEEz66h0rA":"3"},"index":55},{"AnswerID":"3","ChoiceID":"125","Grades":{"SC_9B899jEEz66h0rA":"3"},"index":56},{"AnswerID":"3","ChoiceID":"126","Grades":{"SC_9B899jEEz66h0rA":"3"},"index":57},{"AnswerID":"3","ChoiceID":"128","Grades":{"SC_9B899jEEz66h0rA":"3"},"index":58},{"AnswerID":"3","ChoiceID":"129","Grades":{"SC_9B899jEEz66h0rA":"3"},"index":59},{"AnswerID":"3","ChoiceID":"130","Grades":{"SC_9B899jEEz66h0rA":"3"},"index":60},{"AnswerID":"3","ChoiceID":"131","Grades":{"SC_9B899jEEz66h0rA":"3"},"index":61},{"AnswerID":"3","ChoiceID":"132","Grades":{"SC_9B899jEEz66h0rA":"3"},"index":62},{"AnswerID":"3","ChoiceID":"134","Grades":{"SC_9B899jEEz66h0rA":"3"},"index":63},{"AnswerID":"4","ChoiceID":"1","Grades":{"SC_9B899jEEz66h0rA":"4"},"index":64},{"AnswerID":"4","ChoiceID":"117","Grades":{"SC_9B899jEEz66h0rA":"4"},"index":65},{"AnswerID":"4","ChoiceID":"118","Grades":{"SC_9B899jEEz66h0rA":"4"},"index":66},{"AnswerID":"4","ChoiceID":"119","Grades":{"SC_9B899jEEz66h0rA":"4"},"index":67},{"AnswerID":"4","ChoiceID":"120","Grades":{"SC_9B899jEEz66h0rA":"4"},"index":68},{"AnswerID":"4","ChoiceID":"121","Grades":{"SC_9B899jEEz66h0rA":"4"},"index":69},{"AnswerID":"4","ChoiceID":"122","Grades":{"SC_9B899jEEz66h0rA":"4"},"index":70},{"AnswerID":"4","ChoiceID":"123","Grades":{"SC_9B899jEEz66h0rA":"4"},"index":71},{"AnswerID":"4","ChoiceID":"135","Grades":{"SC_9B899jEEz66h0rA":"4"},"index":72},{"AnswerID":"4","ChoiceID":"124","Grades":{"SC_9B899jEEz66h0rA":"4"},"index":73},{"AnswerID":"4","ChoiceID":"125","Grades":{"SC_9B899jEEz66h0rA":"4"},"index":74},{"AnswerID":"4","ChoiceID":"126","Grades":{"SC_9B899jEEz66h0rA":"4"},"index":75},{"AnswerID":"4","ChoiceID":"128","Grades":{"SC_9B899jEEz66h0rA":"4"},"index":76},{"AnswerID":"4","ChoiceID":"129","Grades":{"SC_9B899jEEz66h0rA":"4"},"index":77},{"AnswerID":"4","ChoiceID":"130","Grades":{"SC_9B899jEEz66h0rA":"4"},"index":78},{"AnswerID":"4","ChoiceID":"131","Grades":{"SC_9B899jEEz66h0rA":"4"},"index":79},{"AnswerID":"4","ChoiceID":"132","Grades":{"SC_9B899jEEz66h0rA":"4"},"index":80},{"AnswerID":"4","ChoiceID":"134","Grades":{"SC_9B899jEEz66h0rA":"4"},"index":81},{"AnswerID":"5","ChoiceID":"1","Grades":{"SC_9B899jEEz66h0rA":"5"},"index":82},{"AnswerID":"5","ChoiceID":"117","Grades":{"SC_9B899jEEz66h0rA":"5"},"index":83},{"AnswerID":"5","ChoiceID":"118","Grades":{"SC_9B899jEEz66h0rA":"5"},"index":84},{"AnswerID":"5","ChoiceID":"119","Grades":{"SC_9B899jEEz66h0rA":"5"},"index":85},{"AnswerID":"5","ChoiceID":"120","Grades":{"SC_9B899jEEz66h0rA":"5"},"index":86},{"AnswerID":"5","ChoiceID":"121","Grades":{"SC_9B899jEEz66h0rA":"5"},"index":87},{"AnswerID":"5","ChoiceID":"122","Grades":{"SC_9B899jEEz66h0rA":"5"},"index":88},{"AnswerID":"5","ChoiceID":"123","Grades":{"SC_9B899jEEz66h0rA":"5"},"index":89},{"AnswerID":"5","ChoiceID":"135","Grades":{"SC_9B899jEEz66h0rA":"5"},"index":90},{"AnswerID":"5","ChoiceID":"124","Grades":{"SC_9B899jEEz66h0rA":"5"},"index":91},{"AnswerID":"5","ChoiceID":"125","Grades":{"SC_9B899jEEz66h0rA":"5"},"index":92},{"AnswerID":"5","ChoiceID":"126","Grades":{"SC_9B899jEEz66h0rA":"5"},"index":93},{"AnswerID":"5","ChoiceID":"128","Grades":{"SC_9B899jEEz66h0rA":"5"},"index":94},{"AnswerID":"5","ChoiceID":"129","Grades":{"SC_9B899jEEz66h0rA":"5"},"index":95},{"AnswerID":"5","ChoiceID":"130","Grades":{"SC_9B899jEEz66h0rA":"5"},"index":96},{"AnswerID":"5","ChoiceID":"131","Grades":{"SC_9B899jEEz66h0rA":"5"},"index":97},{"AnswerID":"5","ChoiceID":"132","Grades":{"SC_9B899jEEz66h0rA":"5"},"index":98},{"AnswerID":"5","ChoiceID":"134","Grades":{"SC_9B899jEEz66h0rA":"5"},"index":99}],"Language":[],"NextChoiceId":137,"NextAnswerId":16,"Answers":{"1":{"Display":"Strongly disagree"},"2":{"Display":"Somewhat disagree"},"3":{"Display":"Neither agree nor disagree"},"4":{"Display":"Somewhat agree"},"5":{"Display":"Strongly agree"}},"AnswerOrder":["1","2","3","4","5"],"ChoiceDataExportTags":false,"QuestionID":"QID21","AnswerColumns":5}},{"SurveyID":"SV_6LT4QU0S6tXhE3k","Element":"SQ","PrimaryAttribute":"QID22","SecondaryAttribute":" ","TertiaryAttribute":null,"Payload":{"QuestionText":"&nbsp;","DefaultChoices":false,"DataExportTag":"Q21","QuestionType":"Matrix","Selector":"Likert","SubSelector":"SingleAnswer","DataVisibility":{"Private":false,"Hidden":false},"Configuration":{"QuestionDescriptionOption":"UseText","TextPosition":"inline","Autoscale":{"XScale":{"Name":"agreeDisagree","Type":"likert","Reverse":true}},"ChoiceColumnWidth":25,"RepeatHeaders":"middle","WhiteSpace":"OFF","MobileFirst":true},"QuestionDescription":" ","Choices":{"1":{"Display":"Leaders in my organization often know the direction we should go before seeing the evidence"},"135":{"Display":"My organization prioritizes critical thinking skills in hiring people."},"136":{"Display":"My organization often jumps to the data without carefully considering the problem"},"137":{"Display":"Questioning is a valued aspect of my organizational culture"},"138":{"Display":"Unexpected results are often dismissed by leaders in my organization"},"140":{"Display":"My organization is doing well at converting insights to actions"},"141":{"Display":"My organization focuses too much on analysis versus actions"},"142":{"Display":"When needed my organization can make quick decisions"},"143":{"Display":"Meetings in my organization are purposeful"},"144":{"Display":"Please select \"Strongly agree\" here"}},"ChoiceOrder":[1,"135","136","137","138","143","140","141","142","144"],"Randomization":{"Advanced":null,"ConsistentScaleReversal":false,"EvenPresentation":false,"TotalRandSubset":"","Type":"All"},"Validation":{"Settings":{"ForceResponse":"ON","ForceResponseType":"ON","Type":"None"}},"GradingData":[{"ChoiceID":"138","AnswerID":"11","Grades":{"SC_9B899jEEz66h0rA":"5"},"index":0},{"ChoiceID":"138","AnswerID":"12","Grades":{"SC_9B899jEEz66h0rA":"4"},"index":1},{"ChoiceID":"138","AnswerID":"13","Grades":{"SC_9B899jEEz66h0rA":"3"},"index":2},{"ChoiceID":"138","AnswerID":"14","Grades":{"SC_9B899jEEz66h0rA":"2"},"index":3},{"ChoiceID":"138","AnswerID":"15","Grades":{"SC_9B899jEEz66h0rA":"1"},"index":4},{"ChoiceID":"1","AnswerID":"11","Grades":{"SC_9B899jEEz66h0rA":"1"},"index":5},{"ChoiceID":"135","AnswerID":"11","Grades":{"SC_9B899jEEz66h0rA":"1"},"index":6},{"ChoiceID":"136","AnswerID":"11","Grades":{"SC_9B899jEEz66h0rA":"1"},"index":7},{"ChoiceID":"137","AnswerID":"11","Grades":{"SC_9B899jEEz66h0rA":"1"},"index":8},{"ChoiceID":"143","AnswerID":"11","Grades":{"SC_9B899jEEz66h0rA":"1"},"index":9},{"ChoiceID":"140","AnswerID":"11","Grades":{"SC_9B899jEEz66h0rA":"1"},"index":10},{"ChoiceID":"141","AnswerID":"11","Grades":{"SC_9B899jEEz66h0rA":"1"},"index":11},{"ChoiceID":"142","AnswerID":"11","Grades":{"SC_9B899jEEz66h0rA":"1"},"index":12},{"ChoiceID":"144","AnswerID":"11","Grades":{"SC_9B899jEEz66h0rA":"1"},"index":13},{"ChoiceID":"1","AnswerID":"12","Grades":{"SC_9B899jEEz66h0rA":"2"},"index":14},{"ChoiceID":"135","AnswerID":"12","Grades":{"SC_9B899jEEz66h0rA":"2"},"index":15},{"ChoiceID":"136","AnswerID":"12","Grades":{"SC_9B899jEEz66h0rA":"2"},"index":16},{"ChoiceID":"137","AnswerID":"12","Grades":{"SC_9B899jEEz66h0rA":"2"},"index":17},{"ChoiceID":"143","AnswerID":"12","Grades":{"SC_9B899jEEz66h0rA":"2"},"index":18},{"ChoiceID":"140","AnswerID":"12","Grades":{"SC_9B899jEEz66h0rA":"2"},"index":19},{"ChoiceID":"141","AnswerID":"12","Grades":{"SC_9B899jEEz66h0rA":"2"},"index":20},{"ChoiceID":"142","AnswerID":"12","Grades":{"SC_9B899jEEz66h0rA":"2"},"index":21},{"ChoiceID":"144","AnswerID":"12","Grades":{"SC_9B899jEEz66h0rA":"2"},"index":22},{"ChoiceID":"1","AnswerID":"13","Grades":{"SC_9B899jEEz66h0rA":"3"},"index":23},{"ChoiceID":"135","AnswerID":"13","Grades":{"SC_9B899jEEz66h0rA":"3"},"index":24},{"ChoiceID":"136","AnswerID":"13","Grades":{"SC_9B899jEEz66h0rA":"3"},"index":25},{"ChoiceID":"137","AnswerID":"13","Grades":{"SC_9B899jEEz66h0rA":"3"},"index":26},{"ChoiceID":"143","AnswerID":"13","Grades":{"SC_9B899jEEz66h0rA":"3"},"index":27},{"ChoiceID":"140","AnswerID":"13","Grades":{"SC_9B899jEEz66h0rA":"3"},"index":28},{"ChoiceID":"141","AnswerID":"13","Grades":{"SC_9B899jEEz66h0rA":"3"},"index":29},{"ChoiceID":"142","AnswerID":"13","Grades":{"SC_9B899jEEz66h0rA":"3"},"index":30},{"ChoiceID":"144","AnswerID":"13","Grades":{"SC_9B899jEEz66h0rA":"3"},"index":31},{"ChoiceID":"1","AnswerID":"14","Grades":{"SC_9B899jEEz66h0rA":"4"},"index":32},{"ChoiceID":"135","AnswerID":"14","Grades":{"SC_9B899jEEz66h0rA":"4"},"index":33},{"ChoiceID":"136","AnswerID":"14","Grades":{"SC_9B899jEEz66h0rA":"4"},"index":34},{"ChoiceID":"137","AnswerID":"14","Grades":{"SC_9B899jEEz66h0rA":"4"},"index":35},{"ChoiceID":"143","AnswerID":"14","Grades":{"SC_9B899jEEz66h0rA":"4"},"index":36},{"ChoiceID":"140","AnswerID":"14","Grades":{"SC_9B899jEEz66h0rA":"4"},"index":37},{"ChoiceID":"141","AnswerID":"14","Grades":{"SC_9B899jEEz66h0rA":"4"},"index":38},{"ChoiceID":"142","AnswerID":"14","Grades":{"SC_9B899jEEz66h0rA":"4"},"index":39},{"ChoiceID":"144","AnswerID":"14","Grades":{"SC_9B899jEEz66h0rA":"4"},"index":40},{"ChoiceID":"1","AnswerID":"15","Grades":{"SC_9B899jEEz66h0rA":"5"},"index":41},{"ChoiceID":"135","AnswerID":"15","Grades":{"SC_9B899jEEz66h0rA":"5"},"index":42},{"ChoiceID":"136","AnswerID":"15","Grades":{"SC_9B899jEEz66h0rA":"5"},"index":43},{"ChoiceID":"137","AnswerID":"15","Grades":{"SC_9B899jEEz66h0rA":"5"},"index":44},{"ChoiceID":"143","AnswerID":"15","Grades":{"SC_9B899jEEz66h0rA":"5"},"index":45},{"ChoiceID":"140","AnswerID":"15","Grades":{"SC_9B899jEEz66h0rA":"5"},"index":46},{"ChoiceID":"141","AnswerID":"15","Grades":{"SC_9B899jEEz66h0rA":"5"},"index":47},{"ChoiceID":"142","AnswerID":"15","Grades":{"SC_9B899jEEz66h0rA":"5"},"index":48},{"ChoiceID":"144","AnswerID":"15","Grades":{"SC_9B899jEEz66h0rA":"5"},"index":49}],"Language":[],"NextChoiceId":145,"NextAnswerId":16,"Answers":{"11":{"Display":"Strongly disagree"},"12":{"Display":"Somewhat disagree"},"13":{"Display":"Neither agree nor disagree"},"14":{"Display":"Somewhat agree"},"15":{"Display":"Strongly agree"}},"AnswerOrder":["11","12","13","14","15"],"ChoiceDataExportTags":false,"QuestionID":"QID22","RecodeValues":{"11":"1","12":"2","13":"3","14":"4","15":"5"}}},{"SurveyID":"SV_6LT4QU0S6tXhE3k","Element":"SQ","PrimaryAttribute":"QID23","SecondaryAttribute":"Please read the following statements about your organization and indicate the extent to which you...","TertiaryAttribute":null,"Payload":{"QuestionText":"Please read the following statements about your organization and indicate the extent to which you agree or disagree. If you are not currently employed, consider your most recent organization","DefaultChoices":false,"DataExportTag":"Q22","QuestionType":"Matrix","Selector":"Likert","SubSelector":"SingleAnswer","DataVisibility":{"Private":false,"Hidden":false},"Configuration":{"QuestionDescriptionOption":"UseText","TextPosition":"inline","Autoscale":{"XScale":{"Name":"agreeDisagree","Type":"likert","Reverse":true}},"ChoiceColumnWidth":25,"RepeatHeaders":"middle","WhiteSpace":"OFF","MobileFirst":true},"QuestionDescription":"Please read the following statements about your organization and indicate the extent to which you...","Choices":{"1":{"Display":"The culture of my organization is highly fact-based"},"143":{"Display":"Leaders in my organization use data for support rather than illumination"},"144":{"Display":"The stakeholders at my organization are data-driven"},"145":{"Display":"My organization often bases decisions on rigorous analysis"},"146":{"Display":"My organization allows access to the data I need"},"147":{"Display":"My organization has the appropriate capabilities to analyze data"},"148":{"Display":"Analysis in my organization often does not lead to meaningful insights"}},"ChoiceOrder":[1,"143","144","145","146","147","148"],"Randomization":{"Advanced":null,"ConsistentScaleReversal":false,"EvenPresentation":false,"TotalRandSubset":"","Type":"All"},"Validation":{"Settings":{"ForceResponse":"ON","ForceResponseType":"ON","Type":"None"}},"GradingData":[{"ChoiceID":"148","AnswerID":"11","Grades":{"SC_9B899jEEz66h0rA":"5"},"index":0},{"ChoiceID":"148","AnswerID":"12","Grades":{"SC_9B899jEEz66h0rA":"4"},"index":1},{"ChoiceID":"148","AnswerID":"13","Grades":{"SC_9B899jEEz66h0rA":"3"},"index":2},{"ChoiceID":"148","AnswerID":"14","Grades":{"SC_9B899jEEz66h0rA":"2"},"index":3},{"ChoiceID":"148","AnswerID":"15","Grades":{"SC_9B899jEEz66h0rA":"1"},"index":4},{"ChoiceID":"1","AnswerID":"11","Grades":{"SC_9B899jEEz66h0rA":"1"},"index":5},{"ChoiceID":"143","AnswerID":"11","Grades":{"SC_9B899jEEz66h0rA":"1"},"index":6},{"ChoiceID":"144","AnswerID":"11","Grades":{"SC_9B899jEEz66h0rA":"1"},"index":7},{"ChoiceID":"145","AnswerID":"11","Grades":{"SC_9B899jEEz66h0rA":"1"},"index":8},{"ChoiceID":"146","AnswerID":"11","Grades":{"SC_9B899jEEz66h0rA":"1"},"index":9},{"ChoiceID":"147","AnswerID":"11","Grades":{"SC_9B899jEEz66h0rA":"1"},"index":10},{"ChoiceID":"1","AnswerID":"12","Grades":{"SC_9B899jEEz66h0rA":"2"},"index":11},{"ChoiceID":"143","AnswerID":"12","Grades":{"SC_9B899jEEz66h0rA":"2"},"index":12},{"ChoiceID":"144","AnswerID":"12","Grades":{"SC_9B899jEEz66h0rA":"2"},"index":13},{"ChoiceID":"145","AnswerID":"12","Grades":{"SC_9B899jEEz66h0rA":"2"},"index":14},{"ChoiceID":"146","AnswerID":"12","Grades":{"SC_9B899jEEz66h0rA":"2"},"index":15},{"ChoiceID":"147","AnswerID":"12","Grades":{"SC_9B899jEEz66h0rA":"2"},"index":16},{"ChoiceID":"1","AnswerID":"13","Grades":{"SC_9B899jEEz66h0rA":"3"},"index":17},{"ChoiceID":"143","AnswerID":"13","Grades":{"SC_9B899jEEz66h0rA":"3"},"index":18},{"ChoiceID":"144","AnswerID":"13","Grades":{"SC_9B899jEEz66h0rA":"3"},"index":19},{"ChoiceID":"145","AnswerID":"13","Grades":{"SC_9B899jEEz66h0rA":"3"},"index":20},{"ChoiceID":"146","AnswerID":"13","Grades":{"SC_9B899jEEz66h0rA":"3"},"index":21},{"ChoiceID":"147","AnswerID":"13","Grades":{"SC_9B899jEEz66h0rA":"3"},"index":22},{"ChoiceID":"1","AnswerID":"14","Grades":{"SC_9B899jEEz66h0rA":"4"},"index":23},{"ChoiceID":"143","AnswerID":"14","Grades":{"SC_9B899jEEz66h0rA":"4"},"index":24},{"ChoiceID":"144","AnswerID":"14","Grades":{"SC_9B899jEEz66h0rA":"4"},"index":25},{"ChoiceID":"145","AnswerID":"14","Grades":{"SC_9B899jEEz66h0rA":"4"},"index":26},{"ChoiceID":"146","AnswerID":"14","Grades":{"SC_9B899jEEz66h0rA":"4"},"index":27},{"ChoiceID":"147","AnswerID":"14","Grades":{"SC_9B899jEEz66h0rA":"4"},"index":28},{"ChoiceID":"1","AnswerID":"15","Grades":{"SC_9B899jEEz66h0rA":"5"},"index":29},{"ChoiceID":"143","AnswerID":"15","Grades":{"SC_9B899jEEz66h0rA":"5"},"index":30},{"ChoiceID":"144","AnswerID":"15","Grades":{"SC_9B899jEEz66h0rA":"5"},"index":31},{"ChoiceID":"145","AnswerID":"15","Grades":{"SC_9B899jEEz66h0rA":"5"},"index":32},{"ChoiceID":"146","AnswerID":"15","Grades":{"SC_9B899jEEz66h0rA":"5"},"index":33},{"ChoiceID":"147","AnswerID":"15","Grades":{"SC_9B899jEEz66h0rA":"5"},"index":34}],"Language":[],"NextChoiceId":150,"NextAnswerId":16,"Answers":{"11":{"Display":"Strongly disagree"},"12":{"Display":"Somewhat disagree"},"13":{"Display":"Neither agree nor disagree"},"14":{"Display":"Somewhat agree"},"15":{"Display":"Strongly agree"}},"AnswerOrder":["11","12","13","14","15"],"ChoiceDataExportTags":false,"QuestionID":"QID23","RecodeValues":{"11":"1","12":"2","13":"3","14":"4","15":"5"}}},{"SurveyID":"SV_6LT4QU0S6tXhE3k","Element":"SQ","PrimaryAttribute":"QID24","SecondaryAttribute":"What aspect of decision making do you think is the biggest gap in your organizations in making sm...","TertiaryAttribute":null,"Payload":{"QuestionText":"What aspect of decision making do you think is the biggest gap in your organizations in making smarter data-driven decisions?","DefaultChoices":false,"DataExportTag":"Q23","QuestionType":"TE","Selector":"ML","DataVisibility":{"Private":false,"Hidden":false},"Configuration":{"QuestionDescriptionOption":"UseText"},"QuestionDescription":"What aspect of decision making do you think is the biggest gap in your organizations in making sm...","Validation":{"Settings":{"ForceResponse":"OFF","Type":"None"}},"GradingData":[],"Language":[],"NextChoiceId":4,"NextAnswerId":1,"SearchSource":{"AllowFreeResponse":"false"},"QuestionID":"QID24"}},{"SurveyID":"SV_6LT4QU0S6tXhE3k","Element":"SQ","PrimaryAttribute":"QID25","SecondaryAttribute":"What aspect of decision making do you think is the biggest gap in your organizations in making sm...","TertiaryAttribute":null,"Payload":{"QuestionText":"What aspect of decision making do you think is the biggest gap in your organizations in making smarter data-driven decisions?","DefaultChoices":false,"DataExportTag":"Q24","QuestionType":"MC","Selector":"SAVR","SubSelector":"TX","DataVisibility":{"Private":false,"Hidden":false},"Configuration":{"QuestionDescriptionOption":"UseText"},"QuestionDescription":"What aspect of decision making do you think is the biggest gap in your organizations in making sm...","Choices":{"1":{"Display":"Defining the problem"},"2":{"Display":"Data discovery"},"3":{"Display":"Data analysis"},"4":{"Display":"Insights and delivery"},"5":{"Display":"Implementation (converting insights to actions)"}},"ChoiceOrder":["1","2","3","4","5"],"Validation":{"Settings":{"ForceResponse":"ON","ForceResponseType":"ON","Type":"None"}},"GradingData":[{"ChoiceID":"1","Grades":{"SC_9B899jEEz66h0rA":1},"index":0},{"ChoiceID":"2","Grades":{"SC_9B899jEEz66h0rA":2},"index":1},{"ChoiceID":"3","Grades":{"SC_9B899jEEz66h0rA":3},"index":2},{"ChoiceID":"4","Grades":{"SC_9B899jEEz66h0rA":4},"index":3},{"ChoiceID":"5","Grades":{"SC_9B899jEEz66h0rA":5},"index":4}],"Language":[],"NextChoiceId":7,"NextAnswerId":1,"QuestionID":"QID25"}},{"SurveyID":"SV_6LT4QU0S6tXhE3k","Element":"SQ","PrimaryAttribute":"QID26","SecondaryAttribute":"What is your Prolific ID?","TertiaryAttribute":null,"Payload":{"QuestionText":"What is your Prolific ID?","DefaultChoices":false,"DataExportTag":"Q24","QuestionType":"TE","Selector":"SL","DataVisibility":{"Private":false,"Hidden":false},"Configuration":{"QuestionDescriptionOption":"UseText"},"QuestionDescription":"What is your Prolific ID?","Validation":{"Settings":{"ForceResponse":"ON","ForceResponseType":"ON","Type":"None"}},"GradingData":[],"Language":[],"NextChoiceId":4,"NextAnswerId":1,"SearchSource":{"AllowFreeResponse":"false"},"QuestionID":"QID26"}},{"SurveyID":"SV_6LT4QU0S6tXhE3k","Element":"SQ","PrimaryAttribute":"QID27","SecondaryAttribute":"Please indicate your age range","TertiaryAttribute":null,"Payload":{"ChoiceOrder":["1","4","5","6","8"],"Choices":{"1":{"Display":"18-24 years old"},"4":{"Display":"25-34 years old"},"5":{"Display":"35-50 years old"},"6":{"Display":"50-64 years old"},"8":{"Display":"65+ years old"}},"Configuration":{"QuestionDescriptionOption":"UseText"},"DataExportTag":"Q4","DataVisibility":{"Hidden":false,"Private":false},"DefaultChoices":false,"GradingData":[],"Language":[],"NextAnswerId":1,"NextChoiceId":9,"QuestionDescription":"Please indicate your age range","QuestionID":"QID27","QuestionText":"Please indicate your age range","QuestionText_Unsafe":"Please indicate your age range","QuestionType":"MC","Selector":"SAVR","SubSelector":"TX","Validation":{"Settings":{"ForceResponse":"ON","ForceResponseType":"ON","Type":"None"}}}},{"SurveyID":"SV_6LT4QU0S6tXhE3k","Element":"SQ","PrimaryAttribute":"QID28","SecondaryAttribute":"What is your current employment status?","TertiaryAttribute":null,"Payload":{"ChoiceOrder":["1","4","5","6","7","8","9","10","11","12"],"Choices":{"1":{"Display":"Full-time employed \u2013 entry level"},"10":{"Display":"Students"},"11":{"Display":"Retired"},"12":{"Display":"Other"},"4":{"Display":"Full-time employed \u2013 mid level"},"5":{"Display":"Full-time employed \u2013 senior level"},"6":{"Display":"Full-time employed \u2013 executive level"},"7":{"Display":"Part-time employed"},"8":{"Display":"Self-employed"},"9":{"Display":"Unemployed"}},"Configuration":{"QuestionDescriptionOption":"UseText"},"DataExportTag":"Q10","DataVisibility":{"Hidden":false,"Private":false},"DefaultChoices":false,"GradingData":[],"Language":[],"NextAnswerId":1,"NextChoiceId":13,"QuestionDescription":"What is your current employment status?","QuestionID":"QID28","QuestionText":"What is your current employment status?","QuestionText_Unsafe":"What is your current employment status?","QuestionType":"MC","Selector":"SAVR","SubSelector":"TX","Validation":{"Settings":{"ForceResponse":"OFF","Type":"None"}}}},{"SurveyID":"SV_6LT4QU0S6tXhE3k","Element":"SQ","PrimaryAttribute":"QID29","SecondaryAttribute":"What is your gender?","TertiaryAttribute":null,"Payload":{"ChoiceOrder":["1","2","3","4"],"Choices":{"1":{"Display":"Female"},"2":{"Display":"Male"},"3":{"Display":"Non-binary"},"4":{"Display":"Prefer not to say"}},"Configuration":{"QuestionDescriptionOption":"UseText"},"DataExportTag":"Q5","DataVisibility":{"Hidden":false,"Private":false},"DefaultChoices":false,"GradingData":[],"Language":[],"NextAnswerId":1,"NextChoiceId":5,"QuestionDescription":"What is your gender?","QuestionID":"QID29","QuestionText":"What is your gender?","QuestionText_Unsafe":"What is your gender?","QuestionType":"MC","Selector":"SAVR","SubSelector":"TX","Validation":{"Settings":{"ForceResponse":"OFF","Type":"None"}}}},{"SurveyID":"SV_6LT4QU0S6tXhE3k","Element":"SQ","PrimaryAttribute":"QID30","SecondaryAttribute":"Which industry do you currently work in? If you are not currently employed, please indicate the i...","TertiaryAttribute":null,"Payload":{"QuestionText":"Which industry do you currently work in?&nbsp;If you are not currently employed, please indicate the industry you most recently worked in","DefaultChoices":false,"DataExportTag":"Q28","QuestionType":"MC","Selector":"SAVR","SubSelector":"TX","DataVisibility":{"Private":false,"Hidden":false},"Configuration":{"QuestionDescriptionOption":"UseText"},"QuestionDescription":"Which industry do you currently work in? If you are not currently employed, please indicate the i...","Choices":{"1":{"Display":"Accounting, Banking & Finance"},"11":{"Display":"Advertising, Marketing & PR"},"12":{"Display":"Consulting & Business Services"},"13":{"Display":"Consumer Goods & Retail"},"14":{"Display":"Education & Training"},"15":{"Display":"Energy & Utilities"},"16":{"Display":"Engineering & Manufacturing"},"17":{"Display":"Entertainment, Media & Publishing"},"18":{"Display":"Government & Public Sector"},"19":{"Display":"Healthcare & Pharmaceuticals"},"20":{"Display":"Hospitality, Travel & Tourism"},"21":{"Display":"Information Technology & Software"},"22":{"Display":"Legal Services"},"23":{"Display":"Nonprofit & Social Impact"},"24":{"Display":"Real Estate & Property Management"},"25":{"Display":"Science & Research"},"26":{"Display":"Transportation & Logistics"},"27":{"Display":"Other (please specify)","TextEntry":"true"}},"ChoiceOrder":["1","11","12","13","14","15","16","17","18","19","20","21","22","23","24","25","26","27"],"Validation":{"Settings":{"ForceResponse":"OFF","Type":"None"}},"GradingData":[{"ChoiceID":"1","Grades":{"SC_9B899jEEz66h0rA":1},"index":0},{"ChoiceID":"11","Grades":{"SC_9B899jEEz66h0rA":2},"index":1},{"ChoiceID":"12","Grades":{"SC_9B899jEEz66h0rA":3},"index":2},{"ChoiceID":"13","Grades":{"SC_9B899jEEz66h0rA":4},"index":3},{"ChoiceID":"14","Grades":{"SC_9B899jEEz66h0rA":5},"index":4},{"ChoiceID":"15","Grades":{"SC_9B899jEEz66h0rA":6},"index":5},{"ChoiceID":"16","Grades":{"SC_9B899jEEz66h0rA":7},"index":6},{"ChoiceID":"17","Grades":{"SC_9B899jEEz66h0rA":8},"index":7},{"ChoiceID":"18","Grades":{"SC_9B899jEEz66h0rA":9},"index":8},{"ChoiceID":"19","Grades":{"SC_9B899jEEz66h0rA":10},"index":9},{"ChoiceID":"20","Grades":{"SC_9B899jEEz66h0rA":11},"index":10},{"ChoiceID":"21","Grades":{"SC_9B899jEEz66h0rA":12},"index":11},{"ChoiceID":"22","Grades":{"SC_9B899jEEz66h0rA":13},"index":12},{"ChoiceID":"23","Grades":{"SC_9B899jEEz66h0rA":14},"index":13},{"ChoiceID":"24","Grades":{"SC_9B899jEEz66h0rA":15},"index":14},{"ChoiceID":"25","Grades":{"SC_9B899jEEz66h0rA":16},"index":15},{"ChoiceID":"26","Grades":{"SC_9B899jEEz66h0rA":17},"index":16},{"ChoiceID":"27","Grades":{"SC_9B899jEEz66h0rA":18},"index":17}],"Language":[],"NextChoiceId":28,"NextAnswerId":1,"QuestionID":"QID30"}},{"SurveyID":"SV_6LT4QU0S6tXhE3k","Element":"SQ","PrimaryAttribute":"QID31","SecondaryAttribute":"What is the size of the company you work at (or worked last for, if you're not currently working)?","TertiaryAttribute":null,"Payload":{"QuestionText":"What is the size of the company you work at (or worked last for, if you're not currently working)?","DefaultChoices":false,"DataExportTag":"Q29","QuestionType":"MC","Selector":"SAVR","SubSelector":"TX","DataVisibility":{"Private":false,"Hidden":false},"Configuration":{"QuestionDescriptionOption":"UseText"},"QuestionDescription":"What is the size of the company you work at (or worked last for, if you're not currently working)?","Choices":{"1":{"Display":"Self employed\/freelancer"},"2":{"Display":"1-10 employees"},"3":{"Display":"11-50 employees"},"4":{"Display":"51-200 employees"},"5":{"Display":"201-500 employees"},"6":{"Display":"501-1,000 employees"},"7":{"Display":"1,001-5,000 employees"},"9":{"Display":"5,001+ employees"}},"ChoiceOrder":["1","2","3","4","5","6","7","9"],"Validation":{"Settings":{"ForceResponse":"OFF","Type":"None"}},"GradingData":[{"ChoiceID":"1","Grades":{"SC_9B899jEEz66h0rA":1},"index":0},{"ChoiceID":"2","Grades":{"SC_9B899jEEz66h0rA":2},"index":1},{"ChoiceID":"3","Grades":{"SC_9B899jEEz66h0rA":3},"index":2},{"ChoiceID":"4","Grades":{"SC_9B899jEEz66h0rA":4},"index":3},{"ChoiceID":"5","Grades":{"SC_9B899jEEz66h0rA":5},"index":4},{"ChoiceID":"6","Grades":{"SC_9B899jEEz66h0rA":6},"index":5},{"ChoiceID":"7","Grades":{"SC_9B899jEEz66h0rA":7},"index":6},{"ChoiceID":"9","Grades":{"SC_9B899jEEz66h0rA":8},"index":7}],"Language":[],"NextChoiceId":10,"NextAnswerId":1,"QuestionID":"QID31"}},{"SurveyID":"SV_6LT4QU0S6tXhE3k","Element":"SQ","PrimaryAttribute":"QID32","SecondaryAttribute":"Click to write the question text","TertiaryAttribute":null,"Payload":{"QuestionText":"Click to write the question text","DataExportTag":"Q30","QuestionType":"MC","Selector":"SAVR","SubSelector":"TX","DataVisibility":{"Private":false,"Hidden":false},"Configuration":{"QuestionDescriptionOption":"UseText"},"QuestionDescription":"Click to write the question text","Choices":{"1":{"Display":"Click to write Choice 1"},"2":{"Display":"Click to write Choice 2"},"3":{"Display":"Click to write Choice 3"}},"ChoiceOrder":["1","2","3"],"Validation":{"Settings":{"ForceResponse":"OFF","Type":"None"}},"Language":[],"NextChoiceId":4,"NextAnswerId":1,"QuestionID":"QID32"}},{"SurveyID":"SV_6LT4QU0S6tXhE3k","Element":"SQ","PrimaryAttribute":"QID33","SecondaryAttribute":"Click to write the question text","TertiaryAttribute":null,"Payload":{"QuestionText":"Click to write the question text","DataExportTag":"Q31","QuestionType":"MC","Selector":"SAVR","SubSelector":"TX","DataVisibility":{"Private":false,"Hidden":false},"Configuration":{"QuestionDescriptionOption":"UseText"},"QuestionDescription":"Click to write the question text","Choices":{"1":{"Display":"Click to write Choice 1"},"2":{"Display":"Click to write Choice 2"},"3":{"Display":"Click to write Choice 3"}},"ChoiceOrder":["1","2","3"],"Validation":{"Settings":{"ForceResponse":"OFF","Type":"None"}},"Language":[],"NextChoiceId":4,"NextAnswerId":1,"QuestionID":"QID33"}},{"SurveyID":"SV_6LT4QU0S6tXhE3k","Element":"SQ","PrimaryAttribute":"QID34","SecondaryAttribute":"Please type \u201c-3\u201d here","TertiaryAttribute":null,"Payload":{"QuestionText":"Please type \u201c-3\u201d&nbsp; here","DefaultChoices":false,"DataExportTag":"Q32","QuestionID":"QID34","QuestionType":"TE","Selector":"SL","DataVisibility":{"Private":false,"Hidden":false},"Configuration":{"QuestionDescriptionOption":"UseText"},"QuestionDescription":"Please type \u201c-3\u201d here","Validation":{"Settings":{"ForceResponse":"ON","ForceResponseType":"ON","Type":"None"}},"GradingData":[],"Language":[],"NextChoiceId":4,"NextAnswerId":1,"SearchSource":{"AllowFreeResponse":"false"}}},{"SurveyID":"SV_6LT4QU0S6tXhE3k","Element":"SQ","PrimaryAttribute":"QID35","SecondaryAttribute":"You need to estimate the market size for a new gadget your company might launch, but there is no...","TertiaryAttribute":null,"Payload":{"QuestionText":"You need to estimate the market size for a new gadget your company might launch, but there is no direct data on this niche product. What approach are you most likely to use?","DataExportTag":"Q33","QuestionType":"MC","Selector":"SAVR","SubSelector":"TX","DataVisibility":{"Private":false,"Hidden":false},"Configuration":{"QuestionDescriptionOption":"UseText"},"QuestionDescription":"You need to estimate the market size for a new gadget your company might launch, but there is no...","Choices":{"1":{"Display":"Break the problem into parts and use reasonable assumptions, such as estimate the number of potential customers and the percentage who might buy the gadget."},"2":{"Display":"Refuse to make an estimate until an in-depth market research is done. It\u2019s too risky to guess without complete data."},"3":{"Display":"Pick a number based on gut feeling alone. Data is missing, so intuition should be good enough."},"4":{"Display":"Take the sales figures of a somewhat similar product and assume your gadget will have the same performance."}},"ChoiceOrder":["1","2","3","4"],"Validation":{"Settings":{"ForceResponse":"ON","ForceResponseType":"ON","Type":"None"}},"Language":[],"NextChoiceId":5,"NextAnswerId":1,"QuestionID":"QID35","GradingData":[{"ChoiceID":"1","Grades":{"SC_9B899jEEz66h0rA":1},"index":0},{"ChoiceID":"2","Grades":{"SC_9B899jEEz66h0rA":2},"index":1},{"ChoiceID":"3","Grades":{"SC_9B899jEEz66h0rA":3},"index":2},{"ChoiceID":"4","Grades":{"SC_9B899jEEz66h0rA":4},"index":3}]}},{"SurveyID":"SV_6LT4QU0S6tXhE3k","Element":"SQ","PrimaryAttribute":"QID36","SecondaryAttribute":"Here are some facts about a company in 2022 and 2023.\u00a0In up to 100 words, please explain what is...","TertiaryAttribute":null,"Payload":{"QuestionText":"Here are some facts about a company in 2022 and 2023.&nbsp;In up to 100 words, please explain what is going on with this company.<br \/>\n<br \/>\n<img height=\"388\" src=\"https:\/\/columbia.az1.qualtrics.com\/CP\/Graphic.php?IM=IM_56kLhLAdcFY25Xo\" style=\"width: 380px; float: left; height: 388px;\" width=\"380\" \/>","DefaultChoices":false,"DataExportTag":"Q34","QuestionID":"QID36","QuestionType":"TE","Selector":"ESTB","DataVisibility":{"Private":false,"Hidden":false},"Configuration":{"QuestionDescriptionOption":"UseText"},"QuestionDescription":"Here are some facts about a company in 2022 and 2023.\u00a0In up to 100 words, please explain what is...","Validation":{"Settings":{"ForceResponse":"ON","ForceResponseType":"ON","Type":"TotalChar","MinChars":"1","TotalChars":"500"}},"GradingData":[],"Language":[],"NextChoiceId":4,"NextAnswerId":1,"SearchSource":{"AllowFreeResponse":"false"}}},{"SurveyID":"SV_6LT4QU0S6tXhE3k","Element":"SQ","PrimaryAttribute":"QID5","SecondaryAttribute":"There are no right or wrong answers in this survey. Let's get started!","TertiaryAttribute":null,"Payload":{"QuestionText":"There are no right or wrong answers in this survey. Let's get started!","DefaultChoices":false,"DataExportTag":"Introduction","QuestionType":"DB","Selector":"TB","DataVisibility":{"Private":false,"Hidden":false},"Configuration":{"QuestionDescriptionOption":"UseText"},"QuestionDescription":"There are no right or wrong answers in this survey. Let's get started!","ChoiceOrder":[],"Validation":{"Settings":{"Type":"None"}},"GradingData":[],"Language":[],"NextChoiceId":4,"NextAnswerId":1,"QuestionID":"QID5"}},{"SurveyID":"SV_6LT4QU0S6tXhE3k","Element":"SQ","PrimaryAttribute":"QID6","SecondaryAttribute":"What is your SONA ID?","TertiaryAttribute":null,"Payload":{"QuestionText":"What is your SONA ID?","DefaultChoices":false,"DataExportTag":"Q4","QuestionID":"QID6","QuestionType":"TE","Selector":"SL","DataVisibility":{"Private":false,"Hidden":false},"Configuration":{"QuestionDescriptionOption":"UseText"},"QuestionDescription":"What is your SONA ID?","Validation":{"Settings":{"ForceResponse":"ON","ForceResponseType":"ON","Type":"None","MinChars":"1"}},"GradingData":[],"Language":[],"NextChoiceId":4,"NextAnswerId":1,"SearchSource":{"AllowFreeResponse":"false"}}},{"SurveyID":"SV_6LT4QU0S6tXhE3k","Element":"SQ","PrimaryAttribute":"QID7","SecondaryAttribute":" ","TertiaryAttribute":null,"Payload":{"QuestionText":"<br>","DefaultChoices":false,"DataExportTag":"Consent info","QuestionType":"DB","Selector":"TB","DataVisibility":{"Private":false,"Hidden":false},"Configuration":{"QuestionDescriptionOption":"UseText"},"QuestionDescription":" ","ChoiceOrder":[],"Validation":{"Settings":{"Type":"None"}},"GradingData":[],"Language":[],"NextChoiceId":4,"NextAnswerId":1,"QuestionID":"QID7"}},{"SurveyID":"SV_6LT4QU0S6tXhE3k","Element":"SQ","PrimaryAttribute":"QID8","SecondaryAttribute":"Ever wonder why you spend 15 minutes deciding what to watch on Netflix or why seasoned teams at w...","TertiaryAttribute":null,"Payload":{"QuestionText":"Ever wonder why you spend 15 minutes deciding what to watch on Netflix or why seasoned teams at work struggle to make tough calls? This brief 15-minute survey will help you understand and gain insights into your decision-making style!<br><br>People approach decision-making in different ways\u2014some rely on analysis, while others trust their intuition. This research aims to explore those styles and how they develop. You\u2019ll answer a short questionnaire about how you make decisions in your daily life, whether at work or beyond. We\u2019ll also ask you some questions about your background.<br><br>You were invited to participate in this study because you participated in a previous four-wave study (IRB-AAAV5832) which asked you questions about your personality and preferences. The measures collected in this new study will also be used to create a \u201cdigital twin,\u201d which is a large language model customized to replicate your responses.<br><br>The study will take approximately 15 minutes. There are no right or wrong answers. The survey is completely anonymous and no identifying information will be collected. Only the researchers involved in this study will have access to the responses you provide. By clicking below you indicate that you have read and understood the information above and you are agreeing to taking part in this study.<br>","DefaultChoices":false,"DataExportTag":"Informed Consent","QuestionType":"MC","Selector":"SAVR","SubSelector":"TX","DataVisibility":{"Private":false,"Hidden":false},"Configuration":{"QuestionDescriptionOption":"UseText"},"QuestionDescription":"Ever wonder why you spend 15 minutes deciding what to watch on Netflix or why seasoned teams at w...","Choices":{"1":{"Display":"I consent"},"2":{"Display":"I do not consent"}},"ChoiceOrder":["1","2"],"Validation":{"Settings":{"ForceResponse":"OFF","Type":"None"}},"GradingData":[{"ChoiceID":"1","Grades":{"SC_9B899jEEz66h0rA":1},"index":0},{"ChoiceID":"2","Grades":{"SC_9B899jEEz66h0rA":2},"index":1}],"Language":[],"NextChoiceId":4,"NextAnswerId":1,"QuestionID":"QID8"}},{"SurveyID":"SV_6LT4QU0S6tXhE3k","Element":"SQ","PrimaryAttribute":"QID9","SecondaryAttribute":"Please indicate your age range","TertiaryAttribute":null,"Payload":{"QuestionText":"Please indicate your age range","DefaultChoices":false,"DataExportTag":"Q7","QuestionType":"MC","Selector":"SAVR","SubSelector":"TX","DataVisibility":{"Private":false,"Hidden":false},"Configuration":{"QuestionDescriptionOption":"UseText"},"QuestionDescription":"Please indicate your age range","Choices":{"1":{"Display":"18-24 years old"},"4":{"Display":"25-34 years old"},"5":{"Display":"35-50 years old"},"6":{"Display":"50-64 years old"},"8":{"Display":"65+ years old"}},"ChoiceOrder":["1","4","5","6","8"],"Validation":{"Settings":{"ForceResponse":"ON","ForceResponseType":"ON","Type":"None"}},"GradingData":[],"Language":[],"NextChoiceId":9,"NextAnswerId":1,"QuestionID":"QID9"}},{"SurveyID":"SV_6LT4QU0S6tXhE3k","Element":"STAT","PrimaryAttribute":"Survey Statistics","SecondaryAttribute":null,"TertiaryAttribute":null,"Payload":{"MobileCompatible":true,"ID":"Survey Statistics"}}]}